// !$*UTF8*$!
{
	archiveVersion = 1;
	classes = {
	};
	objectVersion = 50;
	objects = {

/* Begin PBXBuildFile section */
		999BB5E025958D8D00B0E52F /* whitted.cpp in Sources */ = {isa = PBXBuildFile; fileRef = 999BB5DF25958D8D00B0E52F /* whitted.cpp */; };
/* End PBXBuildFile section */

/* Begin PBXCopyFilesBuildPhase section */
		999BB5D225958D7100B0E52F /* CopyFiles */ = {
			isa = PBXCopyFilesBuildPhase;
			buildActionMask = 2147483647;
			dstPath = /usr/share/man/man1/;
			dstSubfolderSpec = 0;
			files = (
			);
			runOnlyForDeploymentPostprocessing = 1;
		};
/* End PBXCopyFilesBuildPhase section */

/* Begin PBXFileReference section */
		999BB5D425958D7100B0E52F /* whitted-pbrt */ = {isa = PBXFileReference; explicitFileType = "compiled.mach-o.executable"; includeInIndex = 0; path = "whitted-pbrt"; sourceTree = BUILT_PRODUCTS_DIR; };
		999BB5DF25958D8D00B0E52F /* whitted.cpp */ = {isa = PBXFileReference; fileEncoding = 4; lastKnownFileType = sourcecode.cpp.cpp; path = whitted.cpp; sourceTree = "<group>"; };
		999BB5E325958DA700B0E52F /* geometry.h */ = {isa = PBXFileReference; lastKnownFileType = sourcecode.c.h; path = geometry.h; sourceTree = "<group>"; };
		999BB5E525958DBA00B0E52F /* pbrt.h */ = {isa = PBXFileReference; lastKnownFileType = sourcecode.c.h; path = pbrt.h; sourceTree = "<group>"; };
		999BB5E725958E4900B0E52F /* shape.h */ = {isa = PBXFileReference; lastKnownFileType = sourcecode.c.h; path = shape.h; sourceTree = "<group>"; };
		999BB5E825958E8500B0E52F /* triangle.h */ = {isa = PBXFileReference; lastKnownFileType = sourcecode.c.h; path = triangle.h; sourceTree = "<group>"; };
		999BB5EA25958F1D00B0E52F /* material.h */ = {isa = PBXFileReference; lastKnownFileType = sourcecode.c.h; path = material.h; sourceTree = "<group>"; };
		999BB5EC25958F9B00B0E52F /* reflection.h */ = {isa = PBXFileReference; lastKnownFileType = sourcecode.c.h; path = reflection.h; sourceTree = "<group>"; };
		999BB5EE2595A04500B0E52F /* light.h */ = {isa = PBXFileReference; lastKnownFileType = sourcecode.c.h; path = light.h; sourceTree = "<group>"; };
		999BB5F02595A21800B0E52F /* scene.h */ = {isa = PBXFileReference; lastKnownFileType = sourcecode.c.h; path = scene.h; sourceTree = "<group>"; };
		999BB5F12595A2BB00B0E52F /* camera.h */ = {isa = PBXFileReference; lastKnownFileType = sourcecode.c.h; path = camera.h; sourceTree = "<group>"; };
		999BB5F42595B2DD00B0E52F /* integrator.h */ = {isa = PBXFileReference; lastKnownFileType = sourcecode.c.h; path = integrator.h; sourceTree = "<group>"; };
		999BB5F62596B9E500B0E52F /* interaction.h */ = {isa = PBXFileReference; lastKnownFileType = sourcecode.c.h; path = interaction.h; sourceTree = "<group>"; };
/* End PBXFileReference section */

/* Begin PBXFrameworksBuildPhase section */
		999BB5D125958D7100B0E52F /* Frameworks */ = {
			isa = PBXFrameworksBuildPhase;
			buildActionMask = 2147483647;
			files = (
			);
			runOnlyForDeploymentPostprocessing = 0;
		};
/* End PBXFrameworksBuildPhase section */

/* Begin PBXGroup section */
		999BB5CB25958D7100B0E52F = {
			isa = PBXGroup;
			children = (
				999BB5D625958D7100B0E52F /* whitted-pbrt */,
				999BB5D525958D7100B0E52F /* Products */,
			);
			sourceTree = "<group>";
		};
		999BB5D525958D7100B0E52F /* Products */ = {
			isa = PBXGroup;
			children = (
				999BB5D425958D7100B0E52F /* whitted-pbrt */,
			);
			name = Products;
			sourceTree = "<group>";
		};
		999BB5D625958D7100B0E52F /* whitted-pbrt */ = {
			isa = PBXGroup;
			children = (
				999BB5DF25958D8D00B0E52F /* whitted.cpp */,
				999BB5E825958E8500B0E52F /* triangle.h */,
				999BB5E325958DA700B0E52F /* geometry.h */,
				999BB5E525958DBA00B0E52F /* pbrt.h */,
				999BB5E725958E4900B0E52F /* shape.h */,
				999BB5EA25958F1D00B0E52F /* material.h */,
				999BB5EC25958F9B00B0E52F /* reflection.h */,
				999BB5EE2595A04500B0E52F /* light.h */,
				999BB5F02595A21800B0E52F /* scene.h */,
				999BB5F12595A2BB00B0E52F /* camera.h */,
				999BB5F42595B2DD00B0E52F /* integrator.h */,
				999BB5F62596B9E500B0E52F /* interaction.h */,
			);
			path = "whitted-pbrt";
			sourceTree = "<group>";
		};
/* End PBXGroup section */

/* Begin PBXNativeTarget section */
		999BB5D325958D7100B0E52F /* whitted-pbrt */ = {
			isa = PBXNativeTarget;
			buildConfigurationList = 999BB5DB25958D7100B0E52F /* Build configuration list for PBXNativeTarget "whitted-pbrt" */;
			buildPhases = (
				999BB5D025958D7100B0E52F /* Sources */,
				999BB5D125958D7100B0E52F /* Frameworks */,
				999BB5D225958D7100B0E52F /* CopyFiles */,
			);
			buildRules = (
			);
			dependencies = (
			);
			name = "whitted-pbrt";
			productName = "whitted-pbrt";
			productReference = 999BB5D425958D7100B0E52F /* whitted-pbrt */;
			productType = "com.apple.product-type.tool";
		};
/* End PBXNativeTarget section */

/* Begin PBXProject section */
		999BB5CC25958D7100B0E52F /* Project object */ = {
			isa = PBXProject;
			attributes = {
				LastUpgradeCheck = 1230;
				TargetAttributes = {
					999BB5D325958D7100B0E52F = {
						CreatedOnToolsVersion = 12.3;
					};
				};
			};
			buildConfigurationList = 999BB5CF25958D7100B0E52F /* Build configuration list for PBXProject "whitted-pbrt" */;
			compatibilityVersion = "Xcode 9.3";
			developmentRegion = en;
			hasScannedForEncodings = 0;
			knownRegions = (
				en,
				Base,
			);
			mainGroup = 999BB5CB25958D7100B0E52F;
			productRefGroup = 999BB5D525958D7100B0E52F /* Products */;
			projectDirPath = "";
			projectRoot = "";
			targets = (
				999BB5D325958D7100B0E52F /* whitted-pbrt */,
			);
		};
/* End PBXProject section */

/* Begin PBXSourcesBuildPhase section */
		999BB5D025958D7100B0E52F /* Sources */ = {
			isa = PBXSourcesBuildPhase;
			buildActionMask = 2147483647;
			files = (
				999BB5E025958D8D00B0E52F /* whitted.cpp in Sources */,
			);
			runOnlyForDeploymentPostprocessing = 0;
		};
/* End PBXSourcesBuildPhase section */

/* Begin XCBuildConfiguration section */
		999BB5D925958D7100B0E52F /* Debug */ = {
			isa = XCBuildConfiguration;
			buildSettings = {
				ALWAYS_SEARCH_USER_PATHS = NO;
				CLANG_ANALYZER_NONNULL = YES;
				CLANG_ANALYZER_NUMBER_OBJECT_CONVERSION = YES_AGGRESSIVE;
				CLANG_CXX_LANGUAGE_STANDARD = "gnu++14";
				CLANG_CXX_LIBRARY = "libc++";
				CLANG_ENABLE_MODULES = YES;
				CLANG_ENABLE_OBJC_ARC = YES;
				CLANG_ENABLE_OBJC_WEAK = YES;
				CLANG_WARN_BLOCK_CAPTURE_AUTORELEASING = YES;
				CLANG_WARN_BOOL_CONVERSION = YES;
				CLANG_WARN_COMMA = YES;
				CLANG_WARN_CONSTANT_CONVERSION = YES;
				CLANG_WARN_DEPRECATED_OBJC_IMPLEMENTATIONS = YES;
				CLANG_WARN_DIRECT_OBJC_ISA_USAGE = YES_ERROR;
				CLANG_WARN_DOCUMENTATION_COMMENTS = YES;
				CLANG_WARN_EMPTY_BODY = YES;
				CLANG_WARN_ENUM_CONVERSION = YES;
				CLANG_WARN_INFINITE_RECURSION = YES;
				CLANG_WARN_INT_CONVERSION = YES;
				CLANG_WARN_NON_LITERAL_NULL_CONVERSION = YES;
				CLANG_WARN_OBJC_IMPLICIT_RETAIN_SELF = YES;
				CLANG_WARN_OBJC_LITERAL_CONVERSION = YES;
				CLANG_WARN_OBJC_ROOT_CLASS = YES_ERROR;
				CLANG_WARN_QUOTED_INCLUDE_IN_FRAMEWORK_HEADER = YES;
				CLANG_WARN_RANGE_LOOP_ANALYSIS = YES;
				CLANG_WARN_STRICT_PROTOTYPES = YES;
				CLANG_WARN_SUSPICIOUS_MOVE = YES;
				CLANG_WARN_UNGUARDED_AVAILABILITY = YES_AGGRESSIVE;
				CLANG_WARN_UNREACHABLE_CODE = YES;
				CLANG_WARN__DUPLICATE_METHOD_MATCH = YES;
				COPY_PHASE_STRIP = NO;
				DEBUG_INFORMATION_FORMAT = dwarf;
				ENABLE_STRICT_OBJC_MSGSEND = YES;
				ENABLE_TESTABILITY = YES;
				GCC_C_LANGUAGE_STANDARD = gnu11;
				GCC_DYNAMIC_NO_PIC = NO;
				GCC_NO_COMMON_BLOCKS = YES;
				GCC_OPTIMIZATION_LEVEL = 0;
				GCC_PREPROCESSOR_DEFINITIONS = (
					"DEBUG=1",
					"$(inherited)",
				);
				GCC_WARN_64_TO_32_BIT_CONVERSION = YES;
				GCC_WARN_ABOUT_RETURN_TYPE = YES_ERROR;
				GCC_WARN_UNDECLARED_SELECTOR = YES;
				GCC_WARN_UNINITIALIZED_AUTOS = YES_AGGRESSIVE;
				GCC_WARN_UNUSED_FUNCTION = YES;
				GCC_WARN_UNUSED_VARIABLE = YES;
				MACOSX_DEPLOYMENT_TARGET = 10.15;
				MTL_ENABLE_DEBUG_INFO = INCLUDE_SOURCE;
				MTL_FAST_MATH = YES;
				ONLY_ACTIVE_ARCH = YES;
				SDKROOT = macosx;
			};
			name = Debug;
		};
		999BB5DA25958D7100B0E52F /* Release */ = {
			isa = XCBuildConfiguration;
			buildSettings = {
				ALWAYS_SEARCH_USER_PATHS = NO;
				CLANG_ANALYZER_NONNULL = YES;
				CLANG_ANALYZER_NUMBER_OBJECT_CONVERSION = YES_AGGRESSIVE;
				CLANG_CXX_LANGUAGE_STANDARD = "gnu++14";
				CLANG_CXX_LIBRARY = "libc++";
				CLANG_ENABLE_MODULES = YES;
				CLANG_ENABLE_OBJC_ARC = YES;
				CLANG_ENABLE_OBJC_WEAK = YES;
				CLANG_WARN_BLOCK_CAPTURE_AUTORELEASING = YES;
				CLANG_WARN_BOOL_CONVERSION = YES;
				CLANG_WARN_COMMA = YES;
				CLANG_WARN_CONSTANT_CONVERSION = YES;
				CLANG_WARN_DEPRECATED_OBJC_IMPLEMENTATIONS = YES;
				CLANG_WARN_DIRECT_OBJC_ISA_USAGE = YES_ERROR;
				CLANG_WARN_DOCUMENTATION_COMMENTS = YES;
				CLANG_WARN_EMPTY_BODY = YES;
				CLANG_WARN_ENUM_CONVERSION = YES;
				CLANG_WARN_INFINITE_RECURSION = YES;
				CLANG_WARN_INT_CONVERSION = YES;
				CLANG_WARN_NON_LITERAL_NULL_CONVERSION = YES;
				CLANG_WARN_OBJC_IMPLICIT_RETAIN_SELF = YES;
				CLANG_WARN_OBJC_LITERAL_CONVERSION = YES;
				CLANG_WARN_OBJC_ROOT_CLASS = YES_ERROR;
				CLANG_WARN_QUOTED_INCLUDE_IN_FRAMEWORK_HEADER = YES;
				CLANG_WARN_RANGE_LOOP_ANALYSIS = YES;
				CLANG_WARN_STRICT_PROTOTYPES = YES;
				CLANG_WARN_SUSPICIOUS_MOVE = YES;
				CLANG_WARN_UNGUARDED_AVAILABILITY = YES_AGGRESSIVE;
				CLANG_WARN_UNREACHABLE_CODE = YES;
				CLANG_WARN__DUPLICATE_METHOD_MATCH = YES;
				COPY_PHASE_STRIP = NO;
				DEBUG_INFORMATION_FORMAT = "dwarf-with-dsym";
				ENABLE_NS_ASSERTIONS = NO;
				ENABLE_STRICT_OBJC_MSGSEND = YES;
				GCC_C_LANGUAGE_STANDARD = gnu11;
				GCC_NO_COMMON_BLOCKS = YES;
				GCC_WARN_64_TO_32_BIT_CONVERSION = YES;
				GCC_WARN_ABOUT_RETURN_TYPE = YES_ERROR;
				GCC_WARN_UNDECLARED_SELECTOR = YES;
				GCC_WARN_UNINITIALIZED_AUTOS = YES_AGGRESSIVE;
				GCC_WARN_UNUSED_FUNCTION = YES;
				GCC_WARN_UNUSED_VARIABLE = YES;
				MACOSX_DEPLOYMENT_TARGET = 10.15;
				MTL_ENABLE_DEBUG_INFO = NO;
				MTL_FAST_MATH = YES;
				SDKROOT = macosx;
			};
			name = Release;
		};
		999BB5DC25958D7100B0E52F /* Debug */ = {
			isa = XCBuildConfiguration;
			buildSettings = {
				CODE_SIGN_STYLE = Automatic;
				PRODUCT_NAME = "$(TARGET_NAME)";
			};
			name = Debug;
		};
		999BB5DD25958D7100B0E52F /* Release */ = {
			isa = XCBuildConfiguration;
			buildSettings = {
				CODE_SIGN_STYLE = Automatic;
				PRODUCT_NAME = "$(TARGET_NAME)";
			};
			name = Release;
		};
/* End XCBuildConfiguration section */

/* Begin XCConfigurationList section */
		999BB5CF25958D7100B0E52F /* Build configuration list for PBXProject "whitted-pbrt" */ = {
			isa = XCConfigurationList;
			buildConfigurations = (
				999BB5D925958D7100B0E52F /* Debug */,
				999BB5DA25958D7100B0E52F /* Release */,
			);
			defaultConfigurationIsVisible = 0;
			defaultConfigurationName = Release;
		};
		999BB5DB25958D7100B0E52F /* Build configuration list for PBXNativeTarget "whitted-pbrt" */ = {
			isa = XCConfigurationList;
			buildConfigurations = (
				999BB5DC25958D7100B0E52F /* Debug */,
				999BB5DD25958D7100B0E52F /* Release */,
			);
			defaultConfigurationIsVisible = 0;
			defaultConfigurationName = Release;
		};
/* End XCConfigurationList section */
	};
	rootObject = 999BB5CC25958D7100B0E52F /* Project object */;
}
