// !$*UTF8*$!
{
	archiveVersion = 1;
	classes = {
	};
	objectVersion = 50;
	objects = {

/* Begin PBXBuildFile section */
		9918389E258AA71C00C5036B /* lambertian.cpp in Sources */ = {isa = PBXBuildFile; fileRef = 9918388D258AA71C00C5036B /* lambertian.cpp */; };
		9918389F258AA71C00C5036B /* metal.cpp in Sources */ = {isa = PBXBuildFile; fileRef = 99183892258AA71C00C5036B /* metal.cpp */; };
		991838A0258AA71C00C5036B /* sphere.cpp in Sources */ = {isa = PBXBuildFile; fileRef = 99183894258AA71C00C5036B /* sphere.cpp */; };
		991838A1258AA71C00C5036B /* hitable_list.cpp in Sources */ = {isa = PBXBuildFile; fileRef = 99183896258AA71C00C5036B /* hitable_list.cpp */; };
		991838A2258AA71C00C5036B /* camera.cpp in Sources */ = {isa = PBXBuildFile; fileRef = 99183897258AA71C00C5036B /* camera.cpp */; };
		991838A3258AA71C00C5036B /* dielectric.cpp in Sources */ = {isa = PBXBuildFile; fileRef = 9918389A258AA71C00C5036B /* dielectric.cpp */; };
		991838A4258AA71C00C5036B /* main.cpp in Sources */ = {isa = PBXBuildFile; fileRef = 9918389B258AA71C00C5036B /* main.cpp */; };
		991838B3258B170800C5036B /* main.cpp in Sources */ = {isa = PBXBuildFile; fileRef = 991838B2258B170800C5036B /* main.cpp */; };
		991838BA258B184B00C5036B /* Vector3.h in Sources */ = {isa = PBXBuildFile; fileRef = 999F94C125895281003B5D51 /* Vector3.h */; };
		991838F6258B1BBB00C5036B /* dielectric.cpp in Sources */ = {isa = PBXBuildFile; fileRef = 991838D8258B1BBA00C5036B /* dielectric.cpp */; };
		991838F7258B1BBB00C5036B /* lambertian.cpp in Sources */ = {isa = PBXBuildFile; fileRef = 991838DF258B1BBA00C5036B /* lambertian.cpp */; };
		991838F8258B1BBB00C5036B /* metal.cpp in Sources */ = {isa = PBXBuildFile; fileRef = 991838E4258B1BBA00C5036B /* metal.cpp */; };
		991838F9258B1BBB00C5036B /* main.cpp in Sources */ = {isa = PBXBuildFile; fileRef = 991838E9258B1BBA00C5036B /* main.cpp */; };
		991838FA258B1BBB00C5036B /* camera.cpp in Sources */ = {isa = PBXBuildFile; fileRef = 991838F1258B1BBA00C5036B /* camera.cpp */; };
		991838FB258B1BBB00C5036B /* hitable_list.cpp in Sources */ = {isa = PBXBuildFile; fileRef = 991838F2258B1BBA00C5036B /* hitable_list.cpp */; };
		991838FC258B1BBB00C5036B /* sphere.cpp in Sources */ = {isa = PBXBuildFile; fileRef = 991838F5258B1BBA00C5036B /* sphere.cpp */; };
/* End PBXBuildFile section */

/* Begin PBXCopyFilesBuildPhase section */
		9918387E258AA70000C5036B /* CopyFiles */ = {
			isa = PBXCopyFilesBuildPhase;
			buildActionMask = 2147483647;
			dstPath = /usr/share/man/man1/;
			dstSubfolderSpec = 0;
			files = (
			);
			runOnlyForDeploymentPostprocessing = 1;
		};
		991838C5258B1B7700C5036B /* CopyFiles */ = {
			isa = PBXCopyFilesBuildPhase;
			buildActionMask = 2147483647;
			dstPath = /usr/share/man/man1/;
			dstSubfolderSpec = 0;
			files = (
			);
			runOnlyForDeploymentPostprocessing = 1;
		};
		999F94A3258942BE003B5D51 /* CopyFiles */ = {
			isa = PBXCopyFilesBuildPhase;
			buildActionMask = 2147483647;
			dstPath = /usr/share/man/man1/;
			dstSubfolderSpec = 0;
			files = (
			);
			runOnlyForDeploymentPostprocessing = 1;
		};
/* End PBXCopyFilesBuildPhase section */

/* Begin PBXFileReference section */
		99183878258AA6CC00C5036B /* function.cpp */ = {isa = PBXFileReference; lastKnownFileType = sourcecode.cpp.cpp; path = function.cpp; sourceTree = "<group>"; };
		99183880258AA70000C5036B /* RT1 */ = {isa = PBXFileReference; explicitFileType = "compiled.mach-o.executable"; includeInIndex = 0; path = RT1; sourceTree = BUILT_PRODUCTS_DIR; };
		9918388D258AA71C00C5036B /* lambertian.cpp */ = {isa = PBXFileReference; fileEncoding = 4; lastKnownFileType = sourcecode.cpp.cpp; name = lambertian.cpp; path = ../../RaytracingInOneWeekend/src/lambertian.cpp; sourceTree = "<group>"; };
		9918388E258AA71C00C5036B /* sphere.h */ = {isa = PBXFileReference; fileEncoding = 4; lastKnownFileType = sourcecode.c.h; name = sphere.h; path = ../../RaytracingInOneWeekend/src/sphere.h; sourceTree = "<group>"; };
		9918388F258AA71C00C5036B /* vec3.h */ = {isa = PBXFileReference; fileEncoding = 4; lastKnownFileType = sourcecode.c.h; name = vec3.h; path = ../../RaytracingInOneWeekend/src/vec3.h; sourceTree = "<group>"; };
		99183890258AA71C00C5036B /* metal.h */ = {isa = PBXFileReference; fileEncoding = 4; lastKnownFileType = sourcecode.c.h; name = metal.h; path = ../../RaytracingInOneWeekend/src/metal.h; sourceTree = "<group>"; };
		99183891258AA71C00C5036B /* lambertian.h */ = {isa = PBXFileReference; fileEncoding = 4; lastKnownFileType = sourcecode.c.h; name = lambertian.h; path = ../../RaytracingInOneWeekend/src/lambertian.h; sourceTree = "<group>"; };
		99183892258AA71C00C5036B /* metal.cpp */ = {isa = PBXFileReference; fileEncoding = 4; lastKnownFileType = sourcecode.cpp.cpp; name = metal.cpp; path = ../../RaytracingInOneWeekend/src/metal.cpp; sourceTree = "<group>"; };
		99183893258AA71C00C5036B /* material.h */ = {isa = PBXFileReference; fileEncoding = 4; lastKnownFileType = sourcecode.c.h; name = material.h; path = ../../RaytracingInOneWeekend/src/material.h; sourceTree = "<group>"; };
		99183894258AA71C00C5036B /* sphere.cpp */ = {isa = PBXFileReference; fileEncoding = 4; lastKnownFileType = sourcecode.cpp.cpp; name = sphere.cpp; path = ../../RaytracingInOneWeekend/src/sphere.cpp; sourceTree = "<group>"; };
		99183895258AA71C00C5036B /* camera.h */ = {isa = PBXFileReference; fileEncoding = 4; lastKnownFileType = sourcecode.c.h; name = camera.h; path = ../../RaytracingInOneWeekend/src/camera.h; sourceTree = "<group>"; };
		99183896258AA71C00C5036B /* hitable_list.cpp */ = {isa = PBXFileReference; fileEncoding = 4; lastKnownFileType = sourcecode.cpp.cpp; name = hitable_list.cpp; path = ../../RaytracingInOneWeekend/src/hitable_list.cpp; sourceTree = "<group>"; };
		99183897258AA71C00C5036B /* camera.cpp */ = {isa = PBXFileReference; fileEncoding = 4; lastKnownFileType = sourcecode.cpp.cpp; name = camera.cpp; path = ../../RaytracingInOneWeekend/src/camera.cpp; sourceTree = "<group>"; };
		99183898258AA71C00C5036B /* dielectric.h */ = {isa = PBXFileReference; fileEncoding = 4; lastKnownFileType = sourcecode.c.h; name = dielectric.h; path = ../../RaytracingInOneWeekend/src/dielectric.h; sourceTree = "<group>"; };
		99183899258AA71C00C5036B /* hitable.h */ = {isa = PBXFileReference; fileEncoding = 4; lastKnownFileType = sourcecode.c.h; name = hitable.h; path = ../../RaytracingInOneWeekend/src/hitable.h; sourceTree = "<group>"; };
		9918389A258AA71C00C5036B /* dielectric.cpp */ = {isa = PBXFileReference; fileEncoding = 4; lastKnownFileType = sourcecode.cpp.cpp; name = dielectric.cpp; path = ../../RaytracingInOneWeekend/src/dielectric.cpp; sourceTree = "<group>"; };
		9918389B258AA71C00C5036B /* main.cpp */ = {isa = PBXFileReference; fileEncoding = 4; lastKnownFileType = sourcecode.cpp.cpp; name = main.cpp; path = ../../RaytracingInOneWeekend/src/main.cpp; sourceTree = "<group>"; };
		9918389C258AA71C00C5036B /* ray.h */ = {isa = PBXFileReference; fileEncoding = 4; lastKnownFileType = sourcecode.c.h; name = ray.h; path = ../../RaytracingInOneWeekend/src/ray.h; sourceTree = "<group>"; };
		9918389D258AA71C00C5036B /* hitable_list.h */ = {isa = PBXFileReference; fileEncoding = 4; lastKnownFileType = sourcecode.c.h; name = hitable_list.h; path = ../../RaytracingInOneWeekend/src/hitable_list.h; sourceTree = "<group>"; };
		991838B2258B170800C5036B /* main.cpp */ = {isa = PBXFileReference; lastKnownFileType = sourcecode.cpp.cpp; path = main.cpp; sourceTree = "<group>"; };
		991838C7258B1B7700C5036B /* RT2 */ = {isa = PBXFileReference; explicitFileType = "compiled.mach-o.executable"; includeInIndex = 0; path = RT2; sourceTree = BUILT_PRODUCTS_DIR; };
		991838D4258B1BBA00C5036B /* translate.h */ = {isa = PBXFileReference; fileEncoding = 4; lastKnownFileType = sourcecode.c.h; name = translate.h; path = ../../RaytracingTheNextWeek/src/translate.h; sourceTree = "<group>"; };
		991838D5258B1BBA00C5036B /* checker_texture.h */ = {isa = PBXFileReference; fileEncoding = 4; lastKnownFileType = sourcecode.c.h; name = checker_texture.h; path = ../../RaytracingTheNextWeek/src/checker_texture.h; sourceTree = "<group>"; };
		991838D6258B1BBA00C5036B /* hitable_list.h */ = {isa = PBXFileReference; fileEncoding = 4; lastKnownFileType = sourcecode.c.h; name = hitable_list.h; path = ../../RaytracingTheNextWeek/src/hitable_list.h; sourceTree = "<group>"; };
		991838D7258B1BBA00C5036B /* rect.h */ = {isa = PBXFileReference; fileEncoding = 4; lastKnownFileType = sourcecode.c.h; name = rect.h; path = ../../RaytracingTheNextWeek/src/rect.h; sourceTree = "<group>"; };
		991838D8258B1BBA00C5036B /* dielectric.cpp */ = {isa = PBXFileReference; fileEncoding = 4; lastKnownFileType = sourcecode.cpp.cpp; name = dielectric.cpp; path = ../../RaytracingTheNextWeek/src/dielectric.cpp; sourceTree = "<group>"; };
		991838D9258B1BBA00C5036B /* image_texture.h */ = {isa = PBXFileReference; fileEncoding = 4; lastKnownFileType = sourcecode.c.h; name = image_texture.h; path = ../../RaytracingTheNextWeek/src/image_texture.h; sourceTree = "<group>"; };
		991838DA258B1BBA00C5036B /* constant_texture.h */ = {isa = PBXFileReference; fileEncoding = 4; lastKnownFileType = sourcecode.c.h; name = constant_texture.h; path = ../../RaytracingTheNextWeek/src/constant_texture.h; sourceTree = "<group>"; };
		991838DB258B1BBA00C5036B /* bvh.h */ = {isa = PBXFileReference; fileEncoding = 4; lastKnownFileType = sourcecode.c.h; name = bvh.h; path = ../../RaytracingTheNextWeek/src/bvh.h; sourceTree = "<group>"; };
		991838DC258B1BBA00C5036B /* diffuse_light.h */ = {isa = PBXFileReference; fileEncoding = 4; lastKnownFileType = sourcecode.c.h; name = diffuse_light.h; path = ../../RaytracingTheNextWeek/src/diffuse_light.h; sourceTree = "<group>"; };
		991838DD258B1BBA00C5036B /* moving_sphere.h */ = {isa = PBXFileReference; fileEncoding = 4; lastKnownFileType = sourcecode.c.h; name = moving_sphere.h; path = ../../RaytracingTheNextWeek/src/moving_sphere.h; sourceTree = "<group>"; };
		991838DE258B1BBA00C5036B /* camera.h */ = {isa = PBXFileReference; fileEncoding = 4; lastKnownFileType = sourcecode.c.h; name = camera.h; path = ../../RaytracingTheNextWeek/src/camera.h; sourceTree = "<group>"; };
		991838DF258B1BBA00C5036B /* lambertian.cpp */ = {isa = PBXFileReference; fileEncoding = 4; lastKnownFileType = sourcecode.cpp.cpp; name = lambertian.cpp; path = ../../RaytracingTheNextWeek/src/lambertian.cpp; sourceTree = "<group>"; };
		991838E0258B1BBA00C5036B /* ray.h */ = {isa = PBXFileReference; fileEncoding = 4; lastKnownFileType = sourcecode.c.h; name = ray.h; path = ../../RaytracingTheNextWeek/src/ray.h; sourceTree = "<group>"; };
		991838E1258B1BBA00C5036B /* vec3.h */ = {isa = PBXFileReference; fileEncoding = 4; lastKnownFileType = sourcecode.c.h; name = vec3.h; path = ../../RaytracingTheNextWeek/src/vec3.h; sourceTree = "<group>"; };
		991838E2258B1BBA00C5036B /* rotate_y.h */ = {isa = PBXFileReference; fileEncoding = 4; lastKnownFileType = sourcecode.c.h; name = rotate_y.h; path = ../../RaytracingTheNextWeek/src/rotate_y.h; sourceTree = "<group>"; };
		991838E3258B1BBA00C5036B /* texture.h */ = {isa = PBXFileReference; fileEncoding = 4; lastKnownFileType = sourcecode.c.h; name = texture.h; path = ../../RaytracingTheNextWeek/src/texture.h; sourceTree = "<group>"; };
		991838E4258B1BBA00C5036B /* metal.cpp */ = {isa = PBXFileReference; fileEncoding = 4; lastKnownFileType = sourcecode.cpp.cpp; name = metal.cpp; path = ../../RaytracingTheNextWeek/src/metal.cpp; sourceTree = "<group>"; };
		991838E5258B1BBA00C5036B /* lambertian.h */ = {isa = PBXFileReference; fileEncoding = 4; lastKnownFileType = sourcecode.c.h; name = lambertian.h; path = ../../RaytracingTheNextWeek/src/lambertian.h; sourceTree = "<group>"; };
		991838E6258B1BBA00C5036B /* noise_texture.h */ = {isa = PBXFileReference; fileEncoding = 4; lastKnownFileType = sourcecode.c.h; name = noise_texture.h; path = ../../RaytracingTheNextWeek/src/noise_texture.h; sourceTree = "<group>"; };
		991838E7258B1BBA00C5036B /* sphere.h */ = {isa = PBXFileReference; fileEncoding = 4; lastKnownFileType = sourcecode.c.h; name = sphere.h; path = ../../RaytracingTheNextWeek/src/sphere.h; sourceTree = "<group>"; };
		991838E8258B1BBA00C5036B /* constant_medium.h */ = {isa = PBXFileReference; fileEncoding = 4; lastKnownFileType = sourcecode.c.h; name = constant_medium.h; path = ../../RaytracingTheNextWeek/src/constant_medium.h; sourceTree = "<group>"; };
		991838E9258B1BBA00C5036B /* main.cpp */ = {isa = PBXFileReference; fileEncoding = 4; lastKnownFileType = sourcecode.cpp.cpp; name = main.cpp; path = ../../RaytracingTheNextWeek/src/main.cpp; sourceTree = "<group>"; };
		991838EA258B1BBA00C5036B /* metal.h */ = {isa = PBXFileReference; fileEncoding = 4; lastKnownFileType = sourcecode.c.h; name = metal.h; path = ../../RaytracingTheNextWeek/src/metal.h; sourceTree = "<group>"; };
		991838EB258B1BBA00C5036B /* perlin.h */ = {isa = PBXFileReference; fileEncoding = 4; lastKnownFileType = sourcecode.c.h; name = perlin.h; path = ../../RaytracingTheNextWeek/src/perlin.h; sourceTree = "<group>"; };
		991838EC258B1BBA00C5036B /* isotropic.h */ = {isa = PBXFileReference; fileEncoding = 4; lastKnownFileType = sourcecode.c.h; name = isotropic.h; path = ../../RaytracingTheNextWeek/src/isotropic.h; sourceTree = "<group>"; };
		991838ED258B1BBA00C5036B /* material.h */ = {isa = PBXFileReference; fileEncoding = 4; lastKnownFileType = sourcecode.c.h; name = material.h; path = ../../RaytracingTheNextWeek/src/material.h; sourceTree = "<group>"; };
		991838EE258B1BBA00C5036B /* dielectric.h */ = {isa = PBXFileReference; fileEncoding = 4; lastKnownFileType = sourcecode.c.h; name = dielectric.h; path = ../../RaytracingTheNextWeek/src/dielectric.h; sourceTree = "<group>"; };
		991838EF258B1BBA00C5036B /* aabb.h */ = {isa = PBXFileReference; fileEncoding = 4; lastKnownFileType = sourcecode.c.h; name = aabb.h; path = ../../RaytracingTheNextWeek/src/aabb.h; sourceTree = "<group>"; };
		991838F0258B1BBA00C5036B /* stb_image.h */ = {isa = PBXFileReference; fileEncoding = 4; lastKnownFileType = sourcecode.c.h; name = stb_image.h; path = ../../RaytracingTheNextWeek/src/stb_image.h; sourceTree = "<group>"; };
		991838F1258B1BBA00C5036B /* camera.cpp */ = {isa = PBXFileReference; fileEncoding = 4; lastKnownFileType = sourcecode.cpp.cpp; name = camera.cpp; path = ../../RaytracingTheNextWeek/src/camera.cpp; sourceTree = "<group>"; };
		991838F2258B1BBA00C5036B /* hitable_list.cpp */ = {isa = PBXFileReference; fileEncoding = 4; lastKnownFileType = sourcecode.cpp.cpp; name = hitable_list.cpp; path = ../../RaytracingTheNextWeek/src/hitable_list.cpp; sourceTree = "<group>"; };
		991838F3258B1BBA00C5036B /* hitable.h */ = {isa = PBXFileReference; fileEncoding = 4; lastKnownFileType = sourcecode.c.h; name = hitable.h; path = ../../RaytracingTheNextWeek/src/hitable.h; sourceTree = "<group>"; };
		991838F4258B1BBA00C5036B /* box.h */ = {isa = PBXFileReference; fileEncoding = 4; lastKnownFileType = sourcecode.c.h; name = box.h; path = ../../RaytracingTheNextWeek/src/box.h; sourceTree = "<group>"; };
		991838F5258B1BBA00C5036B /* sphere.cpp */ = {isa = PBXFileReference; fileEncoding = 4; lastKnownFileType = sourcecode.cpp.cpp; name = sphere.cpp; path = ../../RaytracingTheNextWeek/src/sphere.cpp; sourceTree = "<group>"; };
		999F94A5258942BE003B5D51 /* Test */ = {isa = PBXFileReference; explicitFileType = "compiled.mach-o.executable"; includeInIndex = 0; path = Test; sourceTree = BUILT_PRODUCTS_DIR; };
		999F94AF258942F8003B5D51 /* const_pointer.cpp */ = {isa = PBXFileReference; fileEncoding = 4; lastKnownFileType = sourcecode.cpp.cpp; path = const_pointer.cpp; sourceTree = "<group>"; };
		999F94B0258942F8003B5D51 /* class.cpp */ = {isa = PBXFileReference; fileEncoding = 4; lastKnownFileType = sourcecode.cpp.cpp; path = class.cpp; sourceTree = "<group>"; };
		999F94B1258942F8003B5D51 /* inheritance.cpp */ = {isa = PBXFileReference; fileEncoding = 4; lastKnownFileType = sourcecode.cpp.cpp; path = inheritance.cpp; sourceTree = "<group>"; };
		999F94C125895281003B5D51 /* Vector3.h */ = {isa = PBXFileReference; lastKnownFileType = sourcecode.c.h; path = Vector3.h; sourceTree = "<group>"; };
		999F94C625895552003B5D51 /* template.cpp */ = {isa = PBXFileReference; lastKnownFileType = sourcecode.cpp.cpp; path = template.cpp; sourceTree = "<group>"; };
/* End PBXFileReference section */

/* Begin PBXFrameworksBuildPhase section */
		9918387D258AA70000C5036B /* Frameworks */ = {
			isa = PBXFrameworksBuildPhase;
			buildActionMask = 2147483647;
			files = (
			);
			runOnlyForDeploymentPostprocessing = 0;
		};
		991838C4258B1B7700C5036B /* Frameworks */ = {
			isa = PBXFrameworksBuildPhase;
			buildActionMask = 2147483647;
			files = (
			);
			runOnlyForDeploymentPostprocessing = 0;
		};
		999F94A2258942BE003B5D51 /* Frameworks */ = {
			isa = PBXFrameworksBuildPhase;
			buildActionMask = 2147483647;
			files = (
			);
			runOnlyForDeploymentPostprocessing = 0;
		};
/* End PBXFrameworksBuildPhase section */

/* Begin PBXGroup section */
		99183881258AA70100C5036B /* RT1 */ = {
			isa = PBXGroup;
			children = (
				99183897258AA71C00C5036B /* camera.cpp */,
				99183895258AA71C00C5036B /* camera.h */,
				9918389A258AA71C00C5036B /* dielectric.cpp */,
				99183898258AA71C00C5036B /* dielectric.h */,
				99183896258AA71C00C5036B /* hitable_list.cpp */,
				9918389D258AA71C00C5036B /* hitable_list.h */,
				99183899258AA71C00C5036B /* hitable.h */,
				9918388D258AA71C00C5036B /* lambertian.cpp */,
				99183891258AA71C00C5036B /* lambertian.h */,
				9918389B258AA71C00C5036B /* main.cpp */,
				99183893258AA71C00C5036B /* material.h */,
				99183892258AA71C00C5036B /* metal.cpp */,
				99183890258AA71C00C5036B /* metal.h */,
				9918389C258AA71C00C5036B /* ray.h */,
				99183894258AA71C00C5036B /* sphere.cpp */,
				9918388E258AA71C00C5036B /* sphere.h */,
				9918388F258AA71C00C5036B /* vec3.h */,
			);
			path = RT1;
			sourceTree = "<group>";
		};
		991838C8258B1B7700C5036B /* RT2 */ = {
			isa = PBXGroup;
			children = (
				991838EF258B1BBA00C5036B /* aabb.h */,
				991838F4258B1BBA00C5036B /* box.h */,
				991838DB258B1BBA00C5036B /* bvh.h */,
				991838F1258B1BBA00C5036B /* camera.cpp */,
				991838DE258B1BBA00C5036B /* camera.h */,
				991838D5258B1BBA00C5036B /* checker_texture.h */,
				991838E8258B1BBA00C5036B /* constant_medium.h */,
				991838DA258B1BBA00C5036B /* constant_texture.h */,
				991838D8258B1BBA00C5036B /* dielectric.cpp */,
				991838EE258B1BBA00C5036B /* dielectric.h */,
				991838DC258B1BBA00C5036B /* diffuse_light.h */,
				991838F2258B1BBA00C5036B /* hitable_list.cpp */,
				991838D6258B1BBA00C5036B /* hitable_list.h */,
				991838F3258B1BBA00C5036B /* hitable.h */,
				991838D9258B1BBA00C5036B /* image_texture.h */,
				991838EC258B1BBA00C5036B /* isotropic.h */,
				991838DF258B1BBA00C5036B /* lambertian.cpp */,
				991838E5258B1BBA00C5036B /* lambertian.h */,
				991838E9258B1BBA00C5036B /* main.cpp */,
				991838ED258B1BBA00C5036B /* material.h */,
				991838E4258B1BBA00C5036B /* metal.cpp */,
				991838EA258B1BBA00C5036B /* metal.h */,
				991838DD258B1BBA00C5036B /* moving_sphere.h */,
				991838E6258B1BBA00C5036B /* noise_texture.h */,
				991838EB258B1BBA00C5036B /* perlin.h */,
				991838E0258B1BBA00C5036B /* ray.h */,
				991838D7258B1BBA00C5036B /* rect.h */,
				991838E2258B1BBA00C5036B /* rotate_y.h */,
				991838F5258B1BBA00C5036B /* sphere.cpp */,
				991838E7258B1BBA00C5036B /* sphere.h */,
				991838F0258B1BBA00C5036B /* stb_image.h */,
				991838E3258B1BBA00C5036B /* texture.h */,
				991838D4258B1BBA00C5036B /* translate.h */,
				991838E1258B1BBA00C5036B /* vec3.h */,
			);
			path = RT2;
			sourceTree = "<group>";
		};
		999F9422258938CD003B5D51 = {
			isa = PBXGroup;
			children = (
				999F94A6258942BE003B5D51 /* Test */,
				99183881258AA70100C5036B /* RT1 */,
				991838C8258B1B7700C5036B /* RT2 */,
				999F942C258938CD003B5D51 /* Products */,
			);
			sourceTree = "<group>";
		};
		999F942C258938CD003B5D51 /* Products */ = {
			isa = PBXGroup;
			children = (
				999F94A5258942BE003B5D51 /* Test */,
				99183880258AA70000C5036B /* RT1 */,
				991838C7258B1B7700C5036B /* RT2 */,
			);
			name = Products;
			sourceTree = "<group>";
		};
		999F94A6258942BE003B5D51 /* Test */ = {
			isa = PBXGroup;
			children = (
				999F94B0258942F8003B5D51 /* class.cpp */,
				999F94AF258942F8003B5D51 /* const_pointer.cpp */,
				999F94B1258942F8003B5D51 /* inheritance.cpp */,
				999F94C125895281003B5D51 /* Vector3.h */,
				999F94C625895552003B5D51 /* template.cpp */,
				99183878258AA6CC00C5036B /* function.cpp */,
				991838B2258B170800C5036B /* main.cpp */,
			);
			path = Test;
			sourceTree = "<group>";
		};
/* End PBXGroup section */

/* Begin PBXNativeTarget section */
		9918387F258AA70000C5036B /* RT1 */ = {
			isa = PBXNativeTarget;
			buildConfigurationList = 99183884258AA70100C5036B /* Build configuration list for PBXNativeTarget "RT1" */;
			buildPhases = (
				9918387C258AA70000C5036B /* Sources */,
				9918387D258AA70000C5036B /* Frameworks */,
				9918387E258AA70000C5036B /* CopyFiles */,
			);
			buildRules = (
			);
			dependencies = (
			);
			name = RT1;
			productName = RT1;
			productReference = 99183880258AA70000C5036B /* RT1 */;
			productType = "com.apple.product-type.tool";
		};
		991838C6258B1B7700C5036B /* RT2 */ = {
			isa = PBXNativeTarget;
			buildConfigurationList = 991838CB258B1B7700C5036B /* Build configuration list for PBXNativeTarget "RT2" */;
			buildPhases = (
				991838C3258B1B7700C5036B /* Sources */,
				991838C4258B1B7700C5036B /* Frameworks */,
				991838C5258B1B7700C5036B /* CopyFiles */,
			);
			buildRules = (
			);
			dependencies = (
			);
			name = RT2;
			productName = RT2;
			productReference = 991838C7258B1B7700C5036B /* RT2 */;
			productType = "com.apple.product-type.tool";
		};
		999F94A4258942BE003B5D51 /* Test */ = {
			isa = PBXNativeTarget;
			buildConfigurationList = 999F94A9258942BE003B5D51 /* Build configuration list for PBXNativeTarget "Test" */;
			buildPhases = (
				999F94A1258942BE003B5D51 /* Sources */,
				999F94A2258942BE003B5D51 /* Frameworks */,
				999F94A3258942BE003B5D51 /* CopyFiles */,
			);
			buildRules = (
			);
			dependencies = (
			);
			name = Test;
			productName = Test;
			productReference = 999F94A5258942BE003B5D51 /* Test */;
			productType = "com.apple.product-type.tool";
		};
/* End PBXNativeTarget section */

/* Begin PBXProject section */
		999F9423258938CD003B5D51 /* Project object */ = {
			isa = PBXProject;
			attributes = {
				LastUpgradeCheck = 1220;
				TargetAttributes = {
					9918387F258AA70000C5036B = {
						CreatedOnToolsVersion = 12.3;
					};
					991838C6258B1B7700C5036B = {
						CreatedOnToolsVersion = 12.3;
					};
					999F94A4258942BE003B5D51 = {
						CreatedOnToolsVersion = 12.2;
					};
				};
			};
			buildConfigurationList = 999F9426258938CD003B5D51 /* Build configuration list for PBXProject "RT" */;
			compatibilityVersion = "Xcode 9.3";
			developmentRegion = en;
			hasScannedForEncodings = 0;
			knownRegions = (
				en,
				Base,
			);
			mainGroup = 999F9422258938CD003B5D51;
			productRefGroup = 999F942C258938CD003B5D51 /* Products */;
			projectDirPath = "";
			projectRoot = "";
			targets = (
				999F94A4258942BE003B5D51 /* Test */,
				9918387F258AA70000C5036B /* RT1 */,
				991838C6258B1B7700C5036B /* RT2 */,
			);
		};
/* End PBXProject section */

/* Begin PBXSourcesBuildPhase section */
		9918387C258AA70000C5036B /* Sources */ = {
			isa = PBXSourcesBuildPhase;
			buildActionMask = 2147483647;
			files = (
				991838A0258AA71C00C5036B /* sphere.cpp in Sources */,
				991838A1258AA71C00C5036B /* hitable_list.cpp in Sources */,
				9918389E258AA71C00C5036B /* lambertian.cpp in Sources */,
				9918389F258AA71C00C5036B /* metal.cpp in Sources */,
				991838A4258AA71C00C5036B /* main.cpp in Sources */,
				991838A2258AA71C00C5036B /* camera.cpp in Sources */,
				991838A3258AA71C00C5036B /* dielectric.cpp in Sources */,
			);
			runOnlyForDeploymentPostprocessing = 0;
		};
		991838C3258B1B7700C5036B /* Sources */ = {
			isa = PBXSourcesBuildPhase;
			buildActionMask = 2147483647;
			files = (
				991838FC258B1BBB00C5036B /* sphere.cpp in Sources */,
				991838F8258B1BBB00C5036B /* metal.cpp in Sources */,
				991838F7258B1BBB00C5036B /* lambertian.cpp in Sources */,
				991838F9258B1BBB00C5036B /* main.cpp in Sources */,
				991838F6258B1BBB00C5036B /* dielectric.cpp in Sources */,
				991838FA258B1BBB00C5036B /* camera.cpp in Sources */,
				991838FB258B1BBB00C5036B /* hitable_list.cpp in Sources */,
			);
			runOnlyForDeploymentPostprocessing = 0;
		};
		999F94A1258942BE003B5D51 /* Sources */ = {
			isa = PBXSourcesBuildPhase;
			buildActionMask = 2147483647;
			files = (
				991838B3258B170800C5036B /* main.cpp in Sources */,
				991838BA258B184B00C5036B /* Vector3.h in Sources */,
			);
			runOnlyForDeploymentPostprocessing = 0;
		};
/* End PBXSourcesBuildPhase section */

/* Begin XCBuildConfiguration section */
		99183885258AA70100C5036B /* Debug */ = {
			isa = XCBuildConfiguration;
			buildSettings = {
				CODE_SIGN_STYLE = Automatic;
				PRODUCT_NAME = "$(TARGET_NAME)";
			};
			name = Debug;
		};
		99183886258AA70100C5036B /* Release */ = {
			isa = XCBuildConfiguration;
			buildSettings = {
				CODE_SIGN_STYLE = Automatic;
				PRODUCT_NAME = "$(TARGET_NAME)";
			};
			name = Release;
		};
		991838CC258B1B7700C5036B /* Debug */ = {
			isa = XCBuildConfiguration;
			buildSettings = {
				CODE_SIGN_STYLE = Automatic;
				PRODUCT_NAME = "$(TARGET_NAME)";
			};
			name = Debug;
		};
		991838CD258B1B7700C5036B /* Release */ = {
			isa = XCBuildConfiguration;
			buildSettings = {
				CODE_SIGN_STYLE = Automatic;
				PRODUCT_NAME = "$(TARGET_NAME)";
			};
			name = Release;
		};
		999F9430258938CD003B5D51 /* Debug */ = {
			isa = XCBuildConfiguration;
			buildSettings = {
				ALWAYS_SEARCH_USER_PATHS = NO;
				CLANG_ANALYZER_NONNULL = YES;
				CLANG_ANALYZER_NUMBER_OBJECT_CONVERSION = YES_AGGRESSIVE;
				CLANG_CXX_LANGUAGE_STANDARD = "gnu++14";
				CLANG_CXX_LIBRARY = "libc++";
				CLANG_ENABLE_MODULES = YES;
				CLANG_ENABLE_OBJC_ARC = YES;
				CLANG_ENABLE_OBJC_WEAK = YES;
				CLANG_WARN_BLOCK_CAPTURE_AUTORELEASING = YES;
				CLANG_WARN_BOOL_CONVERSION = YES;
				CLANG_WARN_COMMA = YES;
				CLANG_WARN_CONSTANT_CONVERSION = YES;
				CLANG_WARN_DEPRECATED_OBJC_IMPLEMENTATIONS = YES;
				CLANG_WARN_DIRECT_OBJC_ISA_USAGE = YES_ERROR;
				CLANG_WARN_DOCUMENTATION_COMMENTS = YES;
				CLANG_WARN_EMPTY_BODY = YES;
				CLANG_WARN_ENUM_CONVERSION = YES;
				CLANG_WARN_INFINITE_RECURSION = YES;
				CLANG_WARN_INT_CONVERSION = YES;
				CLANG_WARN_NON_LITERAL_NULL_CONVERSION = YES;
				CLANG_WARN_OBJC_IMPLICIT_RETAIN_SELF = YES;
				CLANG_WARN_OBJC_LITERAL_CONVERSION = YES;
				CLANG_WARN_OBJC_ROOT_CLASS = YES_ERROR;
				CLANG_WARN_QUOTED_INCLUDE_IN_FRAMEWORK_HEADER = YES;
				CLANG_WARN_RANGE_LOOP_ANALYSIS = YES;
				CLANG_WARN_STRICT_PROTOTYPES = YES;
				CLANG_WARN_SUSPICIOUS_MOVE = YES;
				CLANG_WARN_UNGUARDED_AVAILABILITY = YES_AGGRESSIVE;
				CLANG_WARN_UNREACHABLE_CODE = YES;
				CLANG_WARN__DUPLICATE_METHOD_MATCH = YES;
				COPY_PHASE_STRIP = NO;
				DEBUG_INFORMATION_FORMAT = dwarf;
				ENABLE_STRICT_OBJC_MSGSEND = YES;
				ENABLE_TESTABILITY = YES;
				GCC_C_LANGUAGE_STANDARD = gnu11;
				GCC_DYNAMIC_NO_PIC = NO;
				GCC_NO_COMMON_BLOCKS = YES;
				GCC_OPTIMIZATION_LEVEL = 0;
				GCC_PREPROCESSOR_DEFINITIONS = (
					"DEBUG=1",
					"$(inherited)",
				);
				GCC_WARN_64_TO_32_BIT_CONVERSION = YES;
				GCC_WARN_ABOUT_RETURN_TYPE = YES_ERROR;
				GCC_WARN_UNDECLARED_SELECTOR = YES;
				GCC_WARN_UNINITIALIZED_AUTOS = YES_AGGRESSIVE;
				GCC_WARN_UNUSED_FUNCTION = YES;
				GCC_WARN_UNUSED_VARIABLE = YES;
				MACOSX_DEPLOYMENT_TARGET = 10.15;
				MTL_ENABLE_DEBUG_INFO = INCLUDE_SOURCE;
				MTL_FAST_MATH = YES;
				ONLY_ACTIVE_ARCH = YES;
				SDKROOT = macosx;
			};
			name = Debug;
		};
		999F9431258938CD003B5D51 /* Release */ = {
			isa = XCBuildConfiguration;
			buildSettings = {
				ALWAYS_SEARCH_USER_PATHS = NO;
				CLANG_ANALYZER_NONNULL = YES;
				CLANG_ANALYZER_NUMBER_OBJECT_CONVERSION = YES_AGGRESSIVE;
				CLANG_CXX_LANGUAGE_STANDARD = "gnu++14";
				CLANG_CXX_LIBRARY = "libc++";
				CLANG_ENABLE_MODULES = YES;
				CLANG_ENABLE_OBJC_ARC = YES;
				CLANG_ENABLE_OBJC_WEAK = YES;
				CLANG_WARN_BLOCK_CAPTURE_AUTORELEASING = YES;
				CLANG_WARN_BOOL_CONVERSION = YES;
				CLANG_WARN_COMMA = YES;
				CLANG_WARN_CONSTANT_CONVERSION = YES;
				CLANG_WARN_DEPRECATED_OBJC_IMPLEMENTATIONS = YES;
				CLANG_WARN_DIRECT_OBJC_ISA_USAGE = YES_ERROR;
				CLANG_WARN_DOCUMENTATION_COMMENTS = YES;
				CLANG_WARN_EMPTY_BODY = YES;
				CLANG_WARN_ENUM_CONVERSION = YES;
				CLANG_WARN_INFINITE_RECURSION = YES;
				CLANG_WARN_INT_CONVERSION = YES;
				CLANG_WARN_NON_LITERAL_NULL_CONVERSION = YES;
				CLANG_WARN_OBJC_IMPLICIT_RETAIN_SELF = YES;
				CLANG_WARN_OBJC_LITERAL_CONVERSION = YES;
				CLANG_WARN_OBJC_ROOT_CLASS = YES_ERROR;
				CLANG_WARN_QUOTED_INCLUDE_IN_FRAMEWORK_HEADER = YES;
				CLANG_WARN_RANGE_LOOP_ANALYSIS = YES;
				CLANG_WARN_STRICT_PROTOTYPES = YES;
				CLANG_WARN_SUSPICIOUS_MOVE = YES;
				CLANG_WARN_UNGUARDED_AVAILABILITY = YES_AGGRESSIVE;
				CLANG_WARN_UNREACHABLE_CODE = YES;
				CLANG_WARN__DUPLICATE_METHOD_MATCH = YES;
				COPY_PHASE_STRIP = NO;
				DEBUG_INFORMATION_FORMAT = "dwarf-with-dsym";
				ENABLE_NS_ASSERTIONS = NO;
				ENABLE_STRICT_OBJC_MSGSEND = YES;
				GCC_C_LANGUAGE_STANDARD = gnu11;
				GCC_NO_COMMON_BLOCKS = YES;
				GCC_WARN_64_TO_32_BIT_CONVERSION = YES;
				GCC_WARN_ABOUT_RETURN_TYPE = YES_ERROR;
				GCC_WARN_UNDECLARED_SELECTOR = YES;
				GCC_WARN_UNINITIALIZED_AUTOS = YES_AGGRESSIVE;
				GCC_WARN_UNUSED_FUNCTION = YES;
				GCC_WARN_UNUSED_VARIABLE = YES;
				MACOSX_DEPLOYMENT_TARGET = 10.15;
				MTL_ENABLE_DEBUG_INFO = NO;
				MTL_FAST_MATH = YES;
				SDKROOT = macosx;
			};
			name = Release;
		};
		999F94AA258942BE003B5D51 /* Debug */ = {
			isa = XCBuildConfiguration;
			buildSettings = {
				CODE_SIGN_STYLE = Automatic;
				PRODUCT_NAME = "$(TARGET_NAME)";
			};
			name = Debug;
		};
		999F94AB258942BE003B5D51 /* Release */ = {
			isa = XCBuildConfiguration;
			buildSettings = {
				CODE_SIGN_STYLE = Automatic;
				PRODUCT_NAME = "$(TARGET_NAME)";
			};
			name = Release;
		};
/* End XCBuildConfiguration section */

/* Begin XCConfigurationList section */
		99183884258AA70100C5036B /* Build configuration list for PBXNativeTarget "RT1" */ = {
			isa = XCConfigurationList;
			buildConfigurations = (
				99183885258AA70100C5036B /* Debug */,
				99183886258AA70100C5036B /* Release */,
			);
			defaultConfigurationIsVisible = 0;
			defaultConfigurationName = Release;
		};
		991838CB258B1B7700C5036B /* Build configuration list for PBXNativeTarget "RT2" */ = {
			isa = XCConfigurationList;
			buildConfigurations = (
				991838CC258B1B7700C5036B /* Debug */,
				991838CD258B1B7700C5036B /* Release */,
			);
			defaultConfigurationIsVisible = 0;
			defaultConfigurationName = Release;
		};
		999F9426258938CD003B5D51 /* Build configuration list for PBXProject "RT" */ = {
			isa = XCConfigurationList;
			buildConfigurations = (
				999F9430258938CD003B5D51 /* Debug */,
				999F9431258938CD003B5D51 /* Release */,
			);
			defaultConfigurationIsVisible = 0;
			defaultConfigurationName = Release;
		};
		999F94A9258942BE003B5D51 /* Build configuration list for PBXNativeTarget "Test" */ = {
			isa = XCConfigurationList;
			buildConfigurations = (
				999F94AA258942BE003B5D51 /* Debug */,
				999F94AB258942BE003B5D51 /* Release */,
			);
			defaultConfigurationIsVisible = 0;
			defaultConfigurationName = Release;
		};
/* End XCConfigurationList section */
	};
	rootObject = 999F9423258938CD003B5D51 /* Project object */;
}
