// !$*UTF8*$!
{
	archiveVersion = 1;
	classes = {
	};
	objectVersion = 50;
	objects = {

/* Begin PBXBuildFile section */
		999BA278258B1FC500B0E52F /* lambertian.cpp in Sources */ = {isa = PBXBuildFile; fileRef = 999BA268258B1FC400B0E52F /* lambertian.cpp */; };
		999BA279258B1FC500B0E52F /* camera.cpp in Sources */ = {isa = PBXBuildFile; fileRef = 999BA269258B1FC400B0E52F /* camera.cpp */; };
		999BA27A258B1FC500B0E52F /* sphere.cpp in Sources */ = {isa = PBXBuildFile; fileRef = 999BA26A258B1FC400B0E52F /* sphere.cpp */; };
		999BA27B258B1FC500B0E52F /* dielectric.cpp in Sources */ = {isa = PBXBuildFile; fileRef = 999BA26B258B1FC400B0E52F /* dielectric.cpp */; };
		999BA27C258B1FC500B0E52F /* main.cpp in Sources */ = {isa = PBXBuildFile; fileRef = 999BA270258B1FC400B0E52F /* main.cpp */; };
		999BA27D258B1FC500B0E52F /* hitable_list.cpp in Sources */ = {isa = PBXBuildFile; fileRef = 999BA274258B1FC500B0E52F /* hitable_list.cpp */; };
		999BA27E258B1FC500B0E52F /* metal.cpp in Sources */ = {isa = PBXBuildFile; fileRef = 999BA276258B1FC500B0E52F /* metal.cpp */; };
		999BA2A4258B1FE100B0E52F /* camera.cpp in Sources */ = {isa = PBXBuildFile; fileRef = 999BA283258B1FE100B0E52F /* camera.cpp */; };
		999BA2A5258B1FE100B0E52F /* sphere.cpp in Sources */ = {isa = PBXBuildFile; fileRef = 999BA287258B1FE100B0E52F /* sphere.cpp */; };
		999BA2A6258B1FE100B0E52F /* dielectric.cpp in Sources */ = {isa = PBXBuildFile; fileRef = 999BA291258B1FE100B0E52F /* dielectric.cpp */; };
		999BA2A7258B1FE100B0E52F /* hitable_list.cpp in Sources */ = {isa = PBXBuildFile; fileRef = 999BA293258B1FE100B0E52F /* hitable_list.cpp */; };
		999BA2A8258B1FE100B0E52F /* main.cpp in Sources */ = {isa = PBXBuildFile; fileRef = 999BA29A258B1FE100B0E52F /* main.cpp */; };
		999BA2A9258B1FE100B0E52F /* lambertian.cpp in Sources */ = {isa = PBXBuildFile; fileRef = 999BA29F258B1FE100B0E52F /* lambertian.cpp */; };
		999BA2AA258B1FE100B0E52F /* metal.cpp in Sources */ = {isa = PBXBuildFile; fileRef = 999BA2A3258B1FE100B0E52F /* metal.cpp */; };
		999BA30B258C7BD000B0E52F /* whitted.cpp in Sources */ = {isa = PBXBuildFile; fileRef = 999BA308258C7BCF00B0E52F /* whitted.cpp */; };
		999BA323258DE14B00B0E52F /* function_return.cpp in Sources */ = {isa = PBXBuildFile; fileRef = 999BA322258DE14B00B0E52F /* function_return.cpp */; };
		999BA345258EC9F200B0E52F /* main.cpp in Sources */ = {isa = PBXBuildFile; fileRef = 999BA344258EC9F200B0E52F /* main.cpp */; };
		999BAD532591AD8C00B0E52F /* montelight.cc in Sources */ = {isa = PBXBuildFile; fileRef = 999BAD522591AD8C00B0E52F /* montelight.cc */; };
		999BAD672591D3EE00B0E52F /* main.cpp in Sources */ = {isa = PBXBuildFile; fileRef = 999BAD662591D3EE00B0E52F /* main.cpp */; };
/* End PBXBuildFile section */

/* Begin PBXCopyFilesBuildPhase section */
		9918387E258AA70000C5036B /* CopyFiles */ = {
			isa = PBXCopyFilesBuildPhase;
			buildActionMask = 2147483647;
			dstPath = /usr/share/man/man1/;
			dstSubfolderSpec = 0;
			files = (
			);
			runOnlyForDeploymentPostprocessing = 1;
		};
		991838C5258B1B7700C5036B /* CopyFiles */ = {
			isa = PBXCopyFilesBuildPhase;
			buildActionMask = 2147483647;
			dstPath = /usr/share/man/man1/;
			dstSubfolderSpec = 0;
			files = (
			);
			runOnlyForDeploymentPostprocessing = 1;
		};
		999BA2F6258C7B7E00B0E52F /* CopyFiles */ = {
			isa = PBXCopyFilesBuildPhase;
			buildActionMask = 2147483647;
			dstPath = /usr/share/man/man1/;
			dstSubfolderSpec = 0;
			files = (
			);
			runOnlyForDeploymentPostprocessing = 1;
		};
		999BA32E258EC9CA00B0E52F /* CopyFiles */ = {
			isa = PBXCopyFilesBuildPhase;
			buildActionMask = 2147483647;
			dstPath = /usr/share/man/man1/;
			dstSubfolderSpec = 0;
			files = (
			);
			runOnlyForDeploymentPostprocessing = 1;
		};
		999BA358258FDE4300B0E52F /* CopyFiles */ = {
			isa = PBXCopyFilesBuildPhase;
			buildActionMask = 2147483647;
			dstPath = /usr/share/man/man1/;
			dstSubfolderSpec = 0;
			files = (
			);
			runOnlyForDeploymentPostprocessing = 1;
		};
		999BAD622591D3EE00B0E52F /* CopyFiles */ = {
			isa = PBXCopyFilesBuildPhase;
			buildActionMask = 2147483647;
			dstPath = /usr/share/man/man1/;
			dstSubfolderSpec = 0;
			files = (
			);
			runOnlyForDeploymentPostprocessing = 1;
		};
		999F94A3258942BE003B5D51 /* CopyFiles */ = {
			isa = PBXCopyFilesBuildPhase;
			buildActionMask = 2147483647;
			dstPath = /usr/share/man/man1/;
			dstSubfolderSpec = 0;
			files = (
			);
			runOnlyForDeploymentPostprocessing = 1;
		};
/* End PBXCopyFilesBuildPhase section */

/* Begin PBXFileReference section */
		99183878258AA6CC00C5036B /* function.cpp */ = {isa = PBXFileReference; lastKnownFileType = sourcecode.cpp.cpp; path = function.cpp; sourceTree = "<group>"; };
		99183880258AA70000C5036B /* RT1 */ = {isa = PBXFileReference; explicitFileType = "compiled.mach-o.executable"; includeInIndex = 0; path = RT1; sourceTree = BUILT_PRODUCTS_DIR; };
		991838B2258B170800C5036B /* main.cpp */ = {isa = PBXFileReference; lastKnownFileType = sourcecode.cpp.cpp; path = main.cpp; sourceTree = "<group>"; };
		991838C7258B1B7700C5036B /* RT2 */ = {isa = PBXFileReference; explicitFileType = "compiled.mach-o.executable"; includeInIndex = 0; path = RT2; sourceTree = BUILT_PRODUCTS_DIR; };
		999BA267258B1FC400B0E52F /* lambertian.h */ = {isa = PBXFileReference; fileEncoding = 4; lastKnownFileType = sourcecode.c.h; name = lambertian.h; path = ../../../RaytracingInOneWeekend/src/lambertian.h; sourceTree = "<group>"; };
		999BA268258B1FC400B0E52F /* lambertian.cpp */ = {isa = PBXFileReference; fileEncoding = 4; lastKnownFileType = sourcecode.cpp.cpp; name = lambertian.cpp; path = ../../../RaytracingInOneWeekend/src/lambertian.cpp; sourceTree = "<group>"; };
		999BA269258B1FC400B0E52F /* camera.cpp */ = {isa = PBXFileReference; fileEncoding = 4; lastKnownFileType = sourcecode.cpp.cpp; name = camera.cpp; path = ../../../RaytracingInOneWeekend/src/camera.cpp; sourceTree = "<group>"; };
		999BA26A258B1FC400B0E52F /* sphere.cpp */ = {isa = PBXFileReference; fileEncoding = 4; lastKnownFileType = sourcecode.cpp.cpp; name = sphere.cpp; path = ../../../RaytracingInOneWeekend/src/sphere.cpp; sourceTree = "<group>"; };
		999BA26B258B1FC400B0E52F /* dielectric.cpp */ = {isa = PBXFileReference; fileEncoding = 4; lastKnownFileType = sourcecode.cpp.cpp; name = dielectric.cpp; path = ../../../RaytracingInOneWeekend/src/dielectric.cpp; sourceTree = "<group>"; };
		999BA26C258B1FC400B0E52F /* sphere.h */ = {isa = PBXFileReference; fileEncoding = 4; lastKnownFileType = sourcecode.c.h; name = sphere.h; path = ../../../RaytracingInOneWeekend/src/sphere.h; sourceTree = "<group>"; };
		999BA26D258B1FC400B0E52F /* dielectric.h */ = {isa = PBXFileReference; fileEncoding = 4; lastKnownFileType = sourcecode.c.h; name = dielectric.h; path = ../../../RaytracingInOneWeekend/src/dielectric.h; sourceTree = "<group>"; };
		999BA26E258B1FC400B0E52F /* camera.h */ = {isa = PBXFileReference; fileEncoding = 4; lastKnownFileType = sourcecode.c.h; name = camera.h; path = ../../../RaytracingInOneWeekend/src/camera.h; sourceTree = "<group>"; };
		999BA26F258B1FC400B0E52F /* hitable.h */ = {isa = PBXFileReference; fileEncoding = 4; lastKnownFileType = sourcecode.c.h; name = hitable.h; path = ../../../RaytracingInOneWeekend/src/hitable.h; sourceTree = "<group>"; };
		999BA270258B1FC400B0E52F /* main.cpp */ = {isa = PBXFileReference; fileEncoding = 4; lastKnownFileType = sourcecode.cpp.cpp; name = main.cpp; path = ../../../RaytracingInOneWeekend/src/main.cpp; sourceTree = "<group>"; };
		999BA271258B1FC400B0E52F /* vec3.h */ = {isa = PBXFileReference; fileEncoding = 4; lastKnownFileType = sourcecode.c.h; name = vec3.h; path = ../../../RaytracingInOneWeekend/src/vec3.h; sourceTree = "<group>"; };
		999BA272258B1FC400B0E52F /* material.h */ = {isa = PBXFileReference; fileEncoding = 4; lastKnownFileType = sourcecode.c.h; name = material.h; path = ../../../RaytracingInOneWeekend/src/material.h; sourceTree = "<group>"; };
		999BA273258B1FC500B0E52F /* ray.h */ = {isa = PBXFileReference; fileEncoding = 4; lastKnownFileType = sourcecode.c.h; name = ray.h; path = ../../../RaytracingInOneWeekend/src/ray.h; sourceTree = "<group>"; };
		999BA274258B1FC500B0E52F /* hitable_list.cpp */ = {isa = PBXFileReference; fileEncoding = 4; lastKnownFileType = sourcecode.cpp.cpp; name = hitable_list.cpp; path = ../../../RaytracingInOneWeekend/src/hitable_list.cpp; sourceTree = "<group>"; };
		999BA275258B1FC500B0E52F /* hitable_list.h */ = {isa = PBXFileReference; fileEncoding = 4; lastKnownFileType = sourcecode.c.h; name = hitable_list.h; path = ../../../RaytracingInOneWeekend/src/hitable_list.h; sourceTree = "<group>"; };
		999BA276258B1FC500B0E52F /* metal.cpp */ = {isa = PBXFileReference; fileEncoding = 4; lastKnownFileType = sourcecode.cpp.cpp; name = metal.cpp; path = ../../../RaytracingInOneWeekend/src/metal.cpp; sourceTree = "<group>"; };
		999BA277258B1FC500B0E52F /* metal.h */ = {isa = PBXFileReference; fileEncoding = 4; lastKnownFileType = sourcecode.c.h; name = metal.h; path = ../../../RaytracingInOneWeekend/src/metal.h; sourceTree = "<group>"; };
		999BA282258B1FE100B0E52F /* lambertian.h */ = {isa = PBXFileReference; fileEncoding = 4; lastKnownFileType = sourcecode.c.h; name = lambertian.h; path = ../../../RaytracingTheNextWeek/src/lambertian.h; sourceTree = "<group>"; };
		999BA283258B1FE100B0E52F /* camera.cpp */ = {isa = PBXFileReference; fileEncoding = 4; lastKnownFileType = sourcecode.cpp.cpp; name = camera.cpp; path = ../../../RaytracingTheNextWeek/src/camera.cpp; sourceTree = "<group>"; };
		999BA284258B1FE100B0E52F /* constant_medium.h */ = {isa = PBXFileReference; fileEncoding = 4; lastKnownFileType = sourcecode.c.h; name = constant_medium.h; path = ../../../RaytracingTheNextWeek/src/constant_medium.h; sourceTree = "<group>"; };
		999BA285258B1FE100B0E52F /* moving_sphere.h */ = {isa = PBXFileReference; fileEncoding = 4; lastKnownFileType = sourcecode.c.h; name = moving_sphere.h; path = ../../../RaytracingTheNextWeek/src/moving_sphere.h; sourceTree = "<group>"; };
		999BA286258B1FE100B0E52F /* checker_texture.h */ = {isa = PBXFileReference; fileEncoding = 4; lastKnownFileType = sourcecode.c.h; name = checker_texture.h; path = ../../../RaytracingTheNextWeek/src/checker_texture.h; sourceTree = "<group>"; };
		999BA287258B1FE100B0E52F /* sphere.cpp */ = {isa = PBXFileReference; fileEncoding = 4; lastKnownFileType = sourcecode.cpp.cpp; name = sphere.cpp; path = ../../../RaytracingTheNextWeek/src/sphere.cpp; sourceTree = "<group>"; };
		999BA288258B1FE100B0E52F /* stb_image.h */ = {isa = PBXFileReference; fileEncoding = 4; lastKnownFileType = sourcecode.c.h; name = stb_image.h; path = ../../../RaytracingTheNextWeek/src/stb_image.h; sourceTree = "<group>"; };
		999BA289258B1FE100B0E52F /* diffuse_light.h */ = {isa = PBXFileReference; fileEncoding = 4; lastKnownFileType = sourcecode.c.h; name = diffuse_light.h; path = ../../../RaytracingTheNextWeek/src/diffuse_light.h; sourceTree = "<group>"; };
		999BA28A258B1FE100B0E52F /* ray.h */ = {isa = PBXFileReference; fileEncoding = 4; lastKnownFileType = sourcecode.c.h; name = ray.h; path = ../../../RaytracingTheNextWeek/src/ray.h; sourceTree = "<group>"; };
		999BA28B258B1FE100B0E52F /* bvh.h */ = {isa = PBXFileReference; fileEncoding = 4; lastKnownFileType = sourcecode.c.h; name = bvh.h; path = ../../../RaytracingTheNextWeek/src/bvh.h; sourceTree = "<group>"; };
		999BA28C258B1FE100B0E52F /* material.h */ = {isa = PBXFileReference; fileEncoding = 4; lastKnownFileType = sourcecode.c.h; name = material.h; path = ../../../RaytracingTheNextWeek/src/material.h; sourceTree = "<group>"; };
		999BA28D258B1FE100B0E52F /* metal.h */ = {isa = PBXFileReference; fileEncoding = 4; lastKnownFileType = sourcecode.c.h; name = metal.h; path = ../../../RaytracingTheNextWeek/src/metal.h; sourceTree = "<group>"; };
		999BA28E258B1FE100B0E52F /* aabb.h */ = {isa = PBXFileReference; fileEncoding = 4; lastKnownFileType = sourcecode.c.h; name = aabb.h; path = ../../../RaytracingTheNextWeek/src/aabb.h; sourceTree = "<group>"; };
		999BA28F258B1FE100B0E52F /* constant_texture.h */ = {isa = PBXFileReference; fileEncoding = 4; lastKnownFileType = sourcecode.c.h; name = constant_texture.h; path = ../../../RaytracingTheNextWeek/src/constant_texture.h; sourceTree = "<group>"; };
		999BA290258B1FE100B0E52F /* isotropic.h */ = {isa = PBXFileReference; fileEncoding = 4; lastKnownFileType = sourcecode.c.h; name = isotropic.h; path = ../../../RaytracingTheNextWeek/src/isotropic.h; sourceTree = "<group>"; };
		999BA291258B1FE100B0E52F /* dielectric.cpp */ = {isa = PBXFileReference; fileEncoding = 4; lastKnownFileType = sourcecode.cpp.cpp; name = dielectric.cpp; path = ../../../RaytracingTheNextWeek/src/dielectric.cpp; sourceTree = "<group>"; };
		999BA292258B1FE100B0E52F /* noise_texture.h */ = {isa = PBXFileReference; fileEncoding = 4; lastKnownFileType = sourcecode.c.h; name = noise_texture.h; path = ../../../RaytracingTheNextWeek/src/noise_texture.h; sourceTree = "<group>"; };
		999BA293258B1FE100B0E52F /* hitable_list.cpp */ = {isa = PBXFileReference; fileEncoding = 4; lastKnownFileType = sourcecode.cpp.cpp; name = hitable_list.cpp; path = ../../../RaytracingTheNextWeek/src/hitable_list.cpp; sourceTree = "<group>"; };
		999BA294258B1FE100B0E52F /* rect.h */ = {isa = PBXFileReference; fileEncoding = 4; lastKnownFileType = sourcecode.c.h; name = rect.h; path = ../../../RaytracingTheNextWeek/src/rect.h; sourceTree = "<group>"; };
		999BA295258B1FE100B0E52F /* box.h */ = {isa = PBXFileReference; fileEncoding = 4; lastKnownFileType = sourcecode.c.h; name = box.h; path = ../../../RaytracingTheNextWeek/src/box.h; sourceTree = "<group>"; };
		999BA296258B1FE100B0E52F /* vec3.h */ = {isa = PBXFileReference; fileEncoding = 4; lastKnownFileType = sourcecode.c.h; name = vec3.h; path = ../../../RaytracingTheNextWeek/src/vec3.h; sourceTree = "<group>"; };
		999BA297258B1FE100B0E52F /* texture.h */ = {isa = PBXFileReference; fileEncoding = 4; lastKnownFileType = sourcecode.c.h; name = texture.h; path = ../../../RaytracingTheNextWeek/src/texture.h; sourceTree = "<group>"; };
		999BA298258B1FE100B0E52F /* camera.h */ = {isa = PBXFileReference; fileEncoding = 4; lastKnownFileType = sourcecode.c.h; name = camera.h; path = ../../../RaytracingTheNextWeek/src/camera.h; sourceTree = "<group>"; };
		999BA299258B1FE100B0E52F /* translate.h */ = {isa = PBXFileReference; fileEncoding = 4; lastKnownFileType = sourcecode.c.h; name = translate.h; path = ../../../RaytracingTheNextWeek/src/translate.h; sourceTree = "<group>"; };
		999BA29A258B1FE100B0E52F /* main.cpp */ = {isa = PBXFileReference; fileEncoding = 4; lastKnownFileType = sourcecode.cpp.cpp; name = main.cpp; path = ../../../RaytracingTheNextWeek/src/main.cpp; sourceTree = "<group>"; };
		999BA29B258B1FE100B0E52F /* hitable_list.h */ = {isa = PBXFileReference; fileEncoding = 4; lastKnownFileType = sourcecode.c.h; name = hitable_list.h; path = ../../../RaytracingTheNextWeek/src/hitable_list.h; sourceTree = "<group>"; };
		999BA29C258B1FE100B0E52F /* image_texture.h */ = {isa = PBXFileReference; fileEncoding = 4; lastKnownFileType = sourcecode.c.h; name = image_texture.h; path = ../../../RaytracingTheNextWeek/src/image_texture.h; sourceTree = "<group>"; };
		999BA29D258B1FE100B0E52F /* dielectric.h */ = {isa = PBXFileReference; fileEncoding = 4; lastKnownFileType = sourcecode.c.h; name = dielectric.h; path = ../../../RaytracingTheNextWeek/src/dielectric.h; sourceTree = "<group>"; };
		999BA29E258B1FE100B0E52F /* hitable.h */ = {isa = PBXFileReference; fileEncoding = 4; lastKnownFileType = sourcecode.c.h; name = hitable.h; path = ../../../RaytracingTheNextWeek/src/hitable.h; sourceTree = "<group>"; };
		999BA29F258B1FE100B0E52F /* lambertian.cpp */ = {isa = PBXFileReference; fileEncoding = 4; lastKnownFileType = sourcecode.cpp.cpp; name = lambertian.cpp; path = ../../../RaytracingTheNextWeek/src/lambertian.cpp; sourceTree = "<group>"; };
		999BA2A0258B1FE100B0E52F /* perlin.h */ = {isa = PBXFileReference; fileEncoding = 4; lastKnownFileType = sourcecode.c.h; name = perlin.h; path = ../../../RaytracingTheNextWeek/src/perlin.h; sourceTree = "<group>"; };
		999BA2A1258B1FE100B0E52F /* rotate_y.h */ = {isa = PBXFileReference; fileEncoding = 4; lastKnownFileType = sourcecode.c.h; name = rotate_y.h; path = ../../../RaytracingTheNextWeek/src/rotate_y.h; sourceTree = "<group>"; };
		999BA2A2258B1FE100B0E52F /* sphere.h */ = {isa = PBXFileReference; fileEncoding = 4; lastKnownFileType = sourcecode.c.h; name = sphere.h; path = ../../../RaytracingTheNextWeek/src/sphere.h; sourceTree = "<group>"; };
		999BA2A3258B1FE100B0E52F /* metal.cpp */ = {isa = PBXFileReference; fileEncoding = 4; lastKnownFileType = sourcecode.cpp.cpp; name = metal.cpp; path = ../../../RaytracingTheNextWeek/src/metal.cpp; sourceTree = "<group>"; };
		999BA2D1258B619400B0E52F /* Vector3.h */ = {isa = PBXFileReference; fileEncoding = 4; lastKnownFileType = sourcecode.c.h; path = Vector3.h; sourceTree = "<group>"; };
		999BA2F8258C7B7E00B0E52F /* SP1 */ = {isa = PBXFileReference; explicitFileType = "compiled.mach-o.executable"; includeInIndex = 0; path = SP1; sourceTree = BUILT_PRODUCTS_DIR; };
		999BA307258C7BCF00B0E52F /* indirectdiffuse.cpp */ = {isa = PBXFileReference; fileEncoding = 4; lastKnownFileType = sourcecode.cpp.cpp; path = indirectdiffuse.cpp; sourceTree = "<group>"; };
		999BA308258C7BCF00B0E52F /* whitted.cpp */ = {isa = PBXFileReference; fileEncoding = 4; lastKnownFileType = sourcecode.cpp.cpp; path = whitted.cpp; sourceTree = "<group>"; };
		999BA309258C7BD000B0E52F /* geometry.h */ = {isa = PBXFileReference; fileEncoding = 4; lastKnownFileType = sourcecode.c.h; path = geometry.h; sourceTree = "<group>"; };
		999BA318258C7C3500B0E52F /* pass_by_ref.cpp */ = {isa = PBXFileReference; lastKnownFileType = sourcecode.cpp.cpp; path = pass_by_ref.cpp; sourceTree = "<group>"; };
		999BA322258DE14B00B0E52F /* function_return.cpp */ = {isa = PBXFileReference; lastKnownFileType = sourcecode.cpp.cpp; path = function_return.cpp; sourceTree = "<group>"; };
		999BA330258EC9CA00B0E52F /* MinimalGI */ = {isa = PBXFileReference; explicitFileType = "compiled.mach-o.executable"; includeInIndex = 0; path = MinimalGI; sourceTree = BUILT_PRODUCTS_DIR; };
		999BA341258EC9F200B0E52F /* matrix44.h */ = {isa = PBXFileReference; fileEncoding = 4; lastKnownFileType = sourcecode.c.h; path = matrix44.h; sourceTree = "<group>"; };
		999BA342258EC9F200B0E52F /* math.h */ = {isa = PBXFileReference; fileEncoding = 4; lastKnownFileType = sourcecode.c.h; path = math.h; sourceTree = "<group>"; };
		999BA343258EC9F200B0E52F /* vec3.h */ = {isa = PBXFileReference; fileEncoding = 4; lastKnownFileType = sourcecode.c.h; path = vec3.h; sourceTree = "<group>"; };
		999BA344258EC9F200B0E52F /* main.cpp */ = {isa = PBXFileReference; fileEncoding = 4; lastKnownFileType = sourcecode.cpp.cpp; path = main.cpp; sourceTree = "<group>"; };
		999BA350258ECB0200B0E52F /* vec2.h */ = {isa = PBXFileReference; lastKnownFileType = sourcecode.c.h; path = vec2.h; sourceTree = "<group>"; };
		999BA35A258FDE4300B0E52F /* montelight */ = {isa = PBXFileReference; explicitFileType = "compiled.mach-o.executable"; includeInIndex = 0; path = montelight; sourceTree = BUILT_PRODUCTS_DIR; };
		999BA375258FE43700B0E52F /* vector.h */ = {isa = PBXFileReference; lastKnownFileType = sourcecode.c.h; path = vector.h; sourceTree = "<group>"; };
		999BA377258FE47800B0E52F /* shape.h */ = {isa = PBXFileReference; lastKnownFileType = sourcecode.c.h; path = shape.h; sourceTree = "<group>"; };
		999BA378258FE4A900B0E52F /* image.h */ = {isa = PBXFileReference; lastKnownFileType = sourcecode.c.h; path = image.h; sourceTree = "<group>"; };
		999BA37F258FE51000B0E52F /* ray.h */ = {isa = PBXFileReference; lastKnownFileType = sourcecode.c.h; path = ray.h; sourceTree = "<group>"; };
		999BA386258FE5F100B0E52F /* scene.h */ = {isa = PBXFileReference; lastKnownFileType = sourcecode.c.h; path = scene.h; sourceTree = "<group>"; };
		999BA38D2591191200B0E52F /* object.h */ = {isa = PBXFileReference; lastKnownFileType = sourcecode.c.h; path = object.h; sourceTree = "<group>"; };
		999BA38E2591193D00B0E52F /* sphere.h */ = {isa = PBXFileReference; lastKnownFileType = sourcecode.c.h; path = sphere.h; sourceTree = "<group>"; };
		999BA39525911A1300B0E52F /* light.h */ = {isa = PBXFileReference; lastKnownFileType = sourcecode.c.h; path = light.h; sourceTree = "<group>"; };
		999BAD0F2591A42E00B0E52F /* ray.h */ = {isa = PBXFileReference; lastKnownFileType = sourcecode.c.h; path = ray.h; sourceTree = "<group>"; };
		999BAD522591AD8C00B0E52F /* montelight.cc */ = {isa = PBXFileReference; fileEncoding = 4; lastKnownFileType = sourcecode.cpp.cpp; path = montelight.cc; sourceTree = "<group>"; };
		999BAD642591D3EE00B0E52F /* MinimalPBR */ = {isa = PBXFileReference; explicitFileType = "compiled.mach-o.executable"; includeInIndex = 0; path = MinimalPBR; sourceTree = BUILT_PRODUCTS_DIR; };
		999BAD662591D3EE00B0E52F /* main.cpp */ = {isa = PBXFileReference; lastKnownFileType = sourcecode.cpp.cpp; path = main.cpp; sourceTree = "<group>"; };
		999BAD79259289DB00B0E52F /* integrator.h */ = {isa = PBXFileReference; lastKnownFileType = sourcecode.c.h; path = integrator.h; sourceTree = "<group>"; };
		999BAD7A2592996400B0E52F /* shape.h */ = {isa = PBXFileReference; lastKnownFileType = sourcecode.c.h; path = shape.h; sourceTree = "<group>"; };
		999BAD8225929A2500B0E52F /* scene.h */ = {isa = PBXFileReference; lastKnownFileType = sourcecode.c.h; path = scene.h; sourceTree = "<group>"; };
		999BAD8325929A6C00B0E52F /* camera.h */ = {isa = PBXFileReference; lastKnownFileType = sourcecode.c.h; path = camera.h; sourceTree = "<group>"; };
		999BAD8425929AA400B0E52F /* film.h */ = {isa = PBXFileReference; lastKnownFileType = sourcecode.c.h; path = film.h; sourceTree = "<group>"; };
		999F94A5258942BE003B5D51 /* Test */ = {isa = PBXFileReference; explicitFileType = "compiled.mach-o.executable"; includeInIndex = 0; path = Test; sourceTree = BUILT_PRODUCTS_DIR; };
		999F94AF258942F8003B5D51 /* const_pointer.cpp */ = {isa = PBXFileReference; fileEncoding = 4; lastKnownFileType = sourcecode.cpp.cpp; path = const_pointer.cpp; sourceTree = "<group>"; };
		999F94B0258942F8003B5D51 /* class.cpp */ = {isa = PBXFileReference; fileEncoding = 4; lastKnownFileType = sourcecode.cpp.cpp; path = class.cpp; sourceTree = "<group>"; };
		999F94B1258942F8003B5D51 /* inheritance.cpp */ = {isa = PBXFileReference; fileEncoding = 4; lastKnownFileType = sourcecode.cpp.cpp; path = inheritance.cpp; sourceTree = "<group>"; };
		999F94C125895281003B5D51 /* Vector3_Test.cpp */ = {isa = PBXFileReference; lastKnownFileType = sourcecode.cpp.cpp; path = Vector3_Test.cpp; sourceTree = "<group>"; };
		999F94C625895552003B5D51 /* template.cpp */ = {isa = PBXFileReference; lastKnownFileType = sourcecode.cpp.cpp; path = template.cpp; sourceTree = "<group>"; };
/* End PBXFileReference section */

/* Begin PBXFrameworksBuildPhase section */
		9918387D258AA70000C5036B /* Frameworks */ = {
			isa = PBXFrameworksBuildPhase;
			buildActionMask = 2147483647;
			files = (
			);
			runOnlyForDeploymentPostprocessing = 0;
		};
		991838C4258B1B7700C5036B /* Frameworks */ = {
			isa = PBXFrameworksBuildPhase;
			buildActionMask = 2147483647;
			files = (
			);
			runOnlyForDeploymentPostprocessing = 0;
		};
		999BA2F5258C7B7E00B0E52F /* Frameworks */ = {
			isa = PBXFrameworksBuildPhase;
			buildActionMask = 2147483647;
			files = (
			);
			runOnlyForDeploymentPostprocessing = 0;
		};
		999BA32D258EC9CA00B0E52F /* Frameworks */ = {
			isa = PBXFrameworksBuildPhase;
			buildActionMask = 2147483647;
			files = (
			);
			runOnlyForDeploymentPostprocessing = 0;
		};
		999BA357258FDE4300B0E52F /* Frameworks */ = {
			isa = PBXFrameworksBuildPhase;
			buildActionMask = 2147483647;
			files = (
			);
			runOnlyForDeploymentPostprocessing = 0;
		};
		999BAD612591D3EE00B0E52F /* Frameworks */ = {
			isa = PBXFrameworksBuildPhase;
			buildActionMask = 2147483647;
			files = (
			);
			runOnlyForDeploymentPostprocessing = 0;
		};
		999F94A2258942BE003B5D51 /* Frameworks */ = {
			isa = PBXFrameworksBuildPhase;
			buildActionMask = 2147483647;
			files = (
			);
			runOnlyForDeploymentPostprocessing = 0;
		};
/* End PBXFrameworksBuildPhase section */

/* Begin PBXGroup section */
		99183881258AA70100C5036B /* RT1 */ = {
			isa = PBXGroup;
			children = (
				999BA269258B1FC400B0E52F /* camera.cpp */,
				999BA26E258B1FC400B0E52F /* camera.h */,
				999BA26B258B1FC400B0E52F /* dielectric.cpp */,
				999BA26D258B1FC400B0E52F /* dielectric.h */,
				999BA274258B1FC500B0E52F /* hitable_list.cpp */,
				999BA275258B1FC500B0E52F /* hitable_list.h */,
				999BA26F258B1FC400B0E52F /* hitable.h */,
				999BA268258B1FC400B0E52F /* lambertian.cpp */,
				999BA267258B1FC400B0E52F /* lambertian.h */,
				999BA270258B1FC400B0E52F /* main.cpp */,
				999BA272258B1FC400B0E52F /* material.h */,
				999BA276258B1FC500B0E52F /* metal.cpp */,
				999BA277258B1FC500B0E52F /* metal.h */,
				999BA273258B1FC500B0E52F /* ray.h */,
				999BA26A258B1FC400B0E52F /* sphere.cpp */,
				999BA26C258B1FC400B0E52F /* sphere.h */,
				999BA271258B1FC400B0E52F /* vec3.h */,
			);
			path = RT1;
			sourceTree = "<group>";
		};
		991838C8258B1B7700C5036B /* RT2 */ = {
			isa = PBXGroup;
			children = (
				999BA28E258B1FE100B0E52F /* aabb.h */,
				999BA295258B1FE100B0E52F /* box.h */,
				999BA28B258B1FE100B0E52F /* bvh.h */,
				999BA283258B1FE100B0E52F /* camera.cpp */,
				999BA298258B1FE100B0E52F /* camera.h */,
				999BA286258B1FE100B0E52F /* checker_texture.h */,
				999BA284258B1FE100B0E52F /* constant_medium.h */,
				999BA28F258B1FE100B0E52F /* constant_texture.h */,
				999BA291258B1FE100B0E52F /* dielectric.cpp */,
				999BA29D258B1FE100B0E52F /* dielectric.h */,
				999BA289258B1FE100B0E52F /* diffuse_light.h */,
				999BA293258B1FE100B0E52F /* hitable_list.cpp */,
				999BA29B258B1FE100B0E52F /* hitable_list.h */,
				999BA29E258B1FE100B0E52F /* hitable.h */,
				999BA29C258B1FE100B0E52F /* image_texture.h */,
				999BA290258B1FE100B0E52F /* isotropic.h */,
				999BA29F258B1FE100B0E52F /* lambertian.cpp */,
				999BA282258B1FE100B0E52F /* lambertian.h */,
				999BA29A258B1FE100B0E52F /* main.cpp */,
				999BA28C258B1FE100B0E52F /* material.h */,
				999BA2A3258B1FE100B0E52F /* metal.cpp */,
				999BA28D258B1FE100B0E52F /* metal.h */,
				999BA285258B1FE100B0E52F /* moving_sphere.h */,
				999BA292258B1FE100B0E52F /* noise_texture.h */,
				999BA2A0258B1FE100B0E52F /* perlin.h */,
				999BA28A258B1FE100B0E52F /* ray.h */,
				999BA294258B1FE100B0E52F /* rect.h */,
				999BA2A1258B1FE100B0E52F /* rotate_y.h */,
				999BA287258B1FE100B0E52F /* sphere.cpp */,
				999BA2A2258B1FE100B0E52F /* sphere.h */,
				999BA288258B1FE100B0E52F /* stb_image.h */,
				999BA297258B1FE100B0E52F /* texture.h */,
				999BA299258B1FE100B0E52F /* translate.h */,
				999BA296258B1FE100B0E52F /* vec3.h */,
			);
			path = RT2;
			sourceTree = "<group>";
		};
		999BA2F9258C7B7E00B0E52F /* SP1 */ = {
			isa = PBXGroup;
			children = (
				999BA309258C7BD000B0E52F /* geometry.h */,
				999BA307258C7BCF00B0E52F /* indirectdiffuse.cpp */,
				999BA308258C7BCF00B0E52F /* whitted.cpp */,
			);
			path = SP1;
			sourceTree = "<group>";
		};
		999BA331258EC9CA00B0E52F /* MinimalGI */ = {
			isa = PBXGroup;
			children = (
				999BA342258EC9F200B0E52F /* math.h */,
				999BA341258EC9F200B0E52F /* matrix44.h */,
				999BA344258EC9F200B0E52F /* main.cpp */,
				999BA343258EC9F200B0E52F /* vec3.h */,
				999BA350258ECB0200B0E52F /* vec2.h */,
				999BA38D2591191200B0E52F /* object.h */,
				999BA38E2591193D00B0E52F /* sphere.h */,
				999BA39525911A1300B0E52F /* light.h */,
				999BAD0F2591A42E00B0E52F /* ray.h */,
			);
			path = MinimalGI;
			sourceTree = "<group>";
		};
		999BA35B258FDE4300B0E52F /* montelight */ = {
			isa = PBXGroup;
			children = (
				999BAD522591AD8C00B0E52F /* montelight.cc */,
				999BA375258FE43700B0E52F /* vector.h */,
				999BA377258FE47800B0E52F /* shape.h */,
				999BA378258FE4A900B0E52F /* image.h */,
				999BA37F258FE51000B0E52F /* ray.h */,
				999BA386258FE5F100B0E52F /* scene.h */,
			);
			path = montelight;
			sourceTree = "<group>";
		};
		999BAD652591D3EE00B0E52F /* MinimalPBR */ = {
			isa = PBXGroup;
			children = (
				999BAD662591D3EE00B0E52F /* main.cpp */,
				999BAD79259289DB00B0E52F /* integrator.h */,
				999BAD7A2592996400B0E52F /* shape.h */,
				999BAD8225929A2500B0E52F /* scene.h */,
				999BAD8325929A6C00B0E52F /* camera.h */,
				999BAD8425929AA400B0E52F /* film.h */,
			);
			path = MinimalPBR;
			sourceTree = "<group>";
		};
		999F9422258938CD003B5D51 = {
			isa = PBXGroup;
			children = (
				999F94A6258942BE003B5D51 /* Test */,
				99183881258AA70100C5036B /* RT1 */,
				991838C8258B1B7700C5036B /* RT2 */,
				999BA2F9258C7B7E00B0E52F /* SP1 */,
				999BA331258EC9CA00B0E52F /* MinimalGI */,
				999BA35B258FDE4300B0E52F /* montelight */,
				999BAD652591D3EE00B0E52F /* MinimalPBR */,
				999F942C258938CD003B5D51 /* Products */,
			);
			sourceTree = "<group>";
		};
		999F942C258938CD003B5D51 /* Products */ = {
			isa = PBXGroup;
			children = (
				999F94A5258942BE003B5D51 /* Test */,
				99183880258AA70000C5036B /* RT1 */,
				991838C7258B1B7700C5036B /* RT2 */,
				999BA2F8258C7B7E00B0E52F /* SP1 */,
				999BA330258EC9CA00B0E52F /* MinimalGI */,
				999BA35A258FDE4300B0E52F /* montelight */,
				999BAD642591D3EE00B0E52F /* MinimalPBR */,
			);
			name = Products;
			sourceTree = "<group>";
		};
		999F94A6258942BE003B5D51 /* Test */ = {
			isa = PBXGroup;
			children = (
				999F94B0258942F8003B5D51 /* class.cpp */,
				999F94AF258942F8003B5D51 /* const_pointer.cpp */,
				999F94B1258942F8003B5D51 /* inheritance.cpp */,
				999F94C125895281003B5D51 /* Vector3_Test.cpp */,
				999BA2D1258B619400B0E52F /* Vector3.h */,
				999F94C625895552003B5D51 /* template.cpp */,
				99183878258AA6CC00C5036B /* function.cpp */,
				991838B2258B170800C5036B /* main.cpp */,
				999BA318258C7C3500B0E52F /* pass_by_ref.cpp */,
				999BA322258DE14B00B0E52F /* function_return.cpp */,
			);
			path = Test;
			sourceTree = "<group>";
		};
/* End PBXGroup section */

/* Begin PBXNativeTarget section */
		9918387F258AA70000C5036B /* RT1 */ = {
			isa = PBXNativeTarget;
			buildConfigurationList = 99183884258AA70100C5036B /* Build configuration list for PBXNativeTarget "RT1" */;
			buildPhases = (
				9918387C258AA70000C5036B /* Sources */,
				9918387D258AA70000C5036B /* Frameworks */,
				9918387E258AA70000C5036B /* CopyFiles */,
			);
			buildRules = (
			);
			dependencies = (
			);
			name = RT1;
			productName = RT1;
			productReference = 99183880258AA70000C5036B /* RT1 */;
			productType = "com.apple.product-type.tool";
		};
		991838C6258B1B7700C5036B /* RT2 */ = {
			isa = PBXNativeTarget;
			buildConfigurationList = 991838CB258B1B7700C5036B /* Build configuration list for PBXNativeTarget "RT2" */;
			buildPhases = (
				991838C3258B1B7700C5036B /* Sources */,
				991838C4258B1B7700C5036B /* Frameworks */,
				991838C5258B1B7700C5036B /* CopyFiles */,
			);
			buildRules = (
			);
			dependencies = (
			);
			name = RT2;
			productName = RT2;
			productReference = 991838C7258B1B7700C5036B /* RT2 */;
			productType = "com.apple.product-type.tool";
		};
		999BA2F7258C7B7E00B0E52F /* SP1 */ = {
			isa = PBXNativeTarget;
			buildConfigurationList = 999BA2FC258C7B7E00B0E52F /* Build configuration list for PBXNativeTarget "SP1" */;
			buildPhases = (
				999BA2F4258C7B7E00B0E52F /* Sources */,
				999BA2F5258C7B7E00B0E52F /* Frameworks */,
				999BA2F6258C7B7E00B0E52F /* CopyFiles */,
			);
			buildRules = (
			);
			dependencies = (
			);
			name = SP1;
			productName = SP1;
			productReference = 999BA2F8258C7B7E00B0E52F /* SP1 */;
			productType = "com.apple.product-type.tool";
		};
		999BA32F258EC9CA00B0E52F /* MinimalGI */ = {
			isa = PBXNativeTarget;
			buildConfigurationList = 999BA334258EC9CA00B0E52F /* Build configuration list for PBXNativeTarget "MinimalGI" */;
			buildPhases = (
				999BA32C258EC9CA00B0E52F /* Sources */,
				999BA32D258EC9CA00B0E52F /* Frameworks */,
				999BA32E258EC9CA00B0E52F /* CopyFiles */,
			);
			buildRules = (
			);
			dependencies = (
			);
			name = MinimalGI;
			productName = MinimalGI;
			productReference = 999BA330258EC9CA00B0E52F /* MinimalGI */;
			productType = "com.apple.product-type.tool";
		};
		999BA359258FDE4300B0E52F /* montelight */ = {
			isa = PBXNativeTarget;
			buildConfigurationList = 999BA35E258FDE4300B0E52F /* Build configuration list for PBXNativeTarget "montelight" */;
			buildPhases = (
				999BA356258FDE4300B0E52F /* Sources */,
				999BA357258FDE4300B0E52F /* Frameworks */,
				999BA358258FDE4300B0E52F /* CopyFiles */,
			);
			buildRules = (
			);
			dependencies = (
			);
			name = montelight;
			productName = montelight;
			productReference = 999BA35A258FDE4300B0E52F /* montelight */;
			productType = "com.apple.product-type.tool";
		};
		999BAD632591D3EE00B0E52F /* MinimalPBR */ = {
			isa = PBXNativeTarget;
			buildConfigurationList = 999BAD682591D3EE00B0E52F /* Build configuration list for PBXNativeTarget "MinimalPBR" */;
			buildPhases = (
				999BAD602591D3EE00B0E52F /* Sources */,
				999BAD612591D3EE00B0E52F /* Frameworks */,
				999BAD622591D3EE00B0E52F /* CopyFiles */,
			);
			buildRules = (
			);
			dependencies = (
			);
			name = MinimalPBR;
			productName = MinimalPBR;
			productReference = 999BAD642591D3EE00B0E52F /* MinimalPBR */;
			productType = "com.apple.product-type.tool";
		};
		999F94A4258942BE003B5D51 /* Test */ = {
			isa = PBXNativeTarget;
			buildConfigurationList = 999F94A9258942BE003B5D51 /* Build configuration list for PBXNativeTarget "Test" */;
			buildPhases = (
				999F94A1258942BE003B5D51 /* Sources */,
				999F94A2258942BE003B5D51 /* Frameworks */,
				999F94A3258942BE003B5D51 /* CopyFiles */,
			);
			buildRules = (
			);
			dependencies = (
			);
			name = Test;
			productName = Test;
			productReference = 999F94A5258942BE003B5D51 /* Test */;
			productType = "com.apple.product-type.tool";
		};
/* End PBXNativeTarget section */

/* Begin PBXProject section */
		999F9423258938CD003B5D51 /* Project object */ = {
			isa = PBXProject;
			attributes = {
				LastUpgradeCheck = 1220;
				TargetAttributes = {
					9918387F258AA70000C5036B = {
						CreatedOnToolsVersion = 12.3;
					};
					991838C6258B1B7700C5036B = {
						CreatedOnToolsVersion = 12.3;
					};
					999BA2F7258C7B7E00B0E52F = {
						CreatedOnToolsVersion = 12.3;
					};
					999BA32F258EC9CA00B0E52F = {
						CreatedOnToolsVersion = 12.3;
					};
					999BA359258FDE4300B0E52F = {
						CreatedOnToolsVersion = 12.3;
					};
					999BAD632591D3EE00B0E52F = {
						CreatedOnToolsVersion = 12.3;
					};
					999F94A4258942BE003B5D51 = {
						CreatedOnToolsVersion = 12.2;
					};
				};
			};
			buildConfigurationList = 999F9426258938CD003B5D51 /* Build configuration list for PBXProject "RT" */;
			compatibilityVersion = "Xcode 9.3";
			developmentRegion = en;
			hasScannedForEncodings = 0;
			knownRegions = (
				en,
				Base,
			);
			mainGroup = 999F9422258938CD003B5D51;
			productRefGroup = 999F942C258938CD003B5D51 /* Products */;
			projectDirPath = "";
			projectRoot = "";
			targets = (
				999F94A4258942BE003B5D51 /* Test */,
				9918387F258AA70000C5036B /* RT1 */,
				991838C6258B1B7700C5036B /* RT2 */,
				999BA2F7258C7B7E00B0E52F /* SP1 */,
				999BA32F258EC9CA00B0E52F /* MinimalGI */,
				999BA359258FDE4300B0E52F /* montelight */,
				999BAD632591D3EE00B0E52F /* MinimalPBR */,
			);
		};
/* End PBXProject section */

/* Begin PBXSourcesBuildPhase section */
		9918387C258AA70000C5036B /* Sources */ = {
			isa = PBXSourcesBuildPhase;
			buildActionMask = 2147483647;
			files = (
				999BA27C258B1FC500B0E52F /* main.cpp in Sources */,
				999BA27B258B1FC500B0E52F /* dielectric.cpp in Sources */,
				999BA27A258B1FC500B0E52F /* sphere.cpp in Sources */,
				999BA279258B1FC500B0E52F /* camera.cpp in Sources */,
				999BA27D258B1FC500B0E52F /* hitable_list.cpp in Sources */,
				999BA27E258B1FC500B0E52F /* metal.cpp in Sources */,
				999BA278258B1FC500B0E52F /* lambertian.cpp in Sources */,
			);
			runOnlyForDeploymentPostprocessing = 0;
		};
		991838C3258B1B7700C5036B /* Sources */ = {
			isa = PBXSourcesBuildPhase;
			buildActionMask = 2147483647;
			files = (
				999BA2A5258B1FE100B0E52F /* sphere.cpp in Sources */,
				999BA2A7258B1FE100B0E52F /* hitable_list.cpp in Sources */,
				999BA2A9258B1FE100B0E52F /* lambertian.cpp in Sources */,
				999BA2A4258B1FE100B0E52F /* camera.cpp in Sources */,
				999BA2AA258B1FE100B0E52F /* metal.cpp in Sources */,
				999BA2A8258B1FE100B0E52F /* main.cpp in Sources */,
				999BA2A6258B1FE100B0E52F /* dielectric.cpp in Sources */,
			);
			runOnlyForDeploymentPostprocessing = 0;
		};
		999BA2F4258C7B7E00B0E52F /* Sources */ = {
			isa = PBXSourcesBuildPhase;
			buildActionMask = 2147483647;
			files = (
				999BA30B258C7BD000B0E52F /* whitted.cpp in Sources */,
			);
			runOnlyForDeploymentPostprocessing = 0;
		};
		999BA32C258EC9CA00B0E52F /* Sources */ = {
			isa = PBXSourcesBuildPhase;
			buildActionMask = 2147483647;
			files = (
				999BA345258EC9F200B0E52F /* main.cpp in Sources */,
			);
			runOnlyForDeploymentPostprocessing = 0;
		};
		999BA356258FDE4300B0E52F /* Sources */ = {
			isa = PBXSourcesBuildPhase;
			buildActionMask = 2147483647;
			files = (
				999BAD532591AD8C00B0E52F /* montelight.cc in Sources */,
			);
			runOnlyForDeploymentPostprocessing = 0;
		};
		999BAD602591D3EE00B0E52F /* Sources */ = {
			isa = PBXSourcesBuildPhase;
			buildActionMask = 2147483647;
			files = (
				999BAD672591D3EE00B0E52F /* main.cpp in Sources */,
			);
			runOnlyForDeploymentPostprocessing = 0;
		};
		999F94A1258942BE003B5D51 /* Sources */ = {
			isa = PBXSourcesBuildPhase;
			buildActionMask = 2147483647;
			files = (
				999BA323258DE14B00B0E52F /* function_return.cpp in Sources */,
			);
			runOnlyForDeploymentPostprocessing = 0;
		};
/* End PBXSourcesBuildPhase section */

/* Begin XCBuildConfiguration section */
		99183885258AA70100C5036B /* Debug */ = {
			isa = XCBuildConfiguration;
			buildSettings = {
				CODE_SIGN_STYLE = Automatic;
				PRODUCT_NAME = "$(TARGET_NAME)";
			};
			name = Debug;
		};
		99183886258AA70100C5036B /* Release */ = {
			isa = XCBuildConfiguration;
			buildSettings = {
				CODE_SIGN_STYLE = Automatic;
				PRODUCT_NAME = "$(TARGET_NAME)";
			};
			name = Release;
		};
		991838CC258B1B7700C5036B /* Debug */ = {
			isa = XCBuildConfiguration;
			buildSettings = {
				CODE_SIGN_STYLE = Automatic;
				PRODUCT_NAME = "$(TARGET_NAME)";
			};
			name = Debug;
		};
		991838CD258B1B7700C5036B /* Release */ = {
			isa = XCBuildConfiguration;
			buildSettings = {
				CODE_SIGN_STYLE = Automatic;
				PRODUCT_NAME = "$(TARGET_NAME)";
			};
			name = Release;
		};
		999BA2FD258C7B7E00B0E52F /* Debug */ = {
			isa = XCBuildConfiguration;
			buildSettings = {
				CODE_SIGN_STYLE = Automatic;
				PRODUCT_NAME = "$(TARGET_NAME)";
			};
			name = Debug;
		};
		999BA2FE258C7B7E00B0E52F /* Release */ = {
			isa = XCBuildConfiguration;
			buildSettings = {
				CODE_SIGN_STYLE = Automatic;
				PRODUCT_NAME = "$(TARGET_NAME)";
			};
			name = Release;
		};
		999BA335258EC9CA00B0E52F /* Debug */ = {
			isa = XCBuildConfiguration;
			buildSettings = {
				CODE_SIGN_STYLE = Automatic;
				PRODUCT_NAME = "$(TARGET_NAME)";
			};
			name = Debug;
		};
		999BA336258EC9CA00B0E52F /* Release */ = {
			isa = XCBuildConfiguration;
			buildSettings = {
				CODE_SIGN_STYLE = Automatic;
				PRODUCT_NAME = "$(TARGET_NAME)";
			};
			name = Release;
		};
		999BA35F258FDE4300B0E52F /* Debug */ = {
			isa = XCBuildConfiguration;
			buildSettings = {
				CODE_SIGN_STYLE = Automatic;
				PRODUCT_NAME = "$(TARGET_NAME)";
			};
			name = Debug;
		};
		999BA360258FDE4300B0E52F /* Release */ = {
			isa = XCBuildConfiguration;
			buildSettings = {
				CODE_SIGN_STYLE = Automatic;
				PRODUCT_NAME = "$(TARGET_NAME)";
			};
			name = Release;
		};
		999BAD692591D3EE00B0E52F /* Debug */ = {
			isa = XCBuildConfiguration;
			buildSettings = {
				CODE_SIGN_STYLE = Automatic;
				PRODUCT_NAME = "$(TARGET_NAME)";
			};
			name = Debug;
		};
		999BAD6A2591D3EE00B0E52F /* Release */ = {
			isa = XCBuildConfiguration;
			buildSettings = {
				CODE_SIGN_STYLE = Automatic;
				PRODUCT_NAME = "$(TARGET_NAME)";
			};
			name = Release;
		};
		999F9430258938CD003B5D51 /* Debug */ = {
			isa = XCBuildConfiguration;
			buildSettings = {
				ALWAYS_SEARCH_USER_PATHS = NO;
				CLANG_ANALYZER_NONNULL = YES;
				CLANG_ANALYZER_NUMBER_OBJECT_CONVERSION = YES_AGGRESSIVE;
				CLANG_CXX_LANGUAGE_STANDARD = "gnu++14";
				CLANG_CXX_LIBRARY = "libc++";
				CLANG_ENABLE_MODULES = YES;
				CLANG_ENABLE_OBJC_ARC = YES;
				CLANG_ENABLE_OBJC_WEAK = YES;
				CLANG_WARN_BLOCK_CAPTURE_AUTORELEASING = YES;
				CLANG_WARN_BOOL_CONVERSION = YES;
				CLANG_WARN_COMMA = YES;
				CLANG_WARN_CONSTANT_CONVERSION = YES;
				CLANG_WARN_DEPRECATED_OBJC_IMPLEMENTATIONS = YES;
				CLANG_WARN_DIRECT_OBJC_ISA_USAGE = YES_ERROR;
				CLANG_WARN_DOCUMENTATION_COMMENTS = YES;
				CLANG_WARN_EMPTY_BODY = YES;
				CLANG_WARN_ENUM_CONVERSION = YES;
				CLANG_WARN_INFINITE_RECURSION = YES;
				CLANG_WARN_INT_CONVERSION = YES;
				CLANG_WARN_NON_LITERAL_NULL_CONVERSION = YES;
				CLANG_WARN_OBJC_IMPLICIT_RETAIN_SELF = YES;
				CLANG_WARN_OBJC_LITERAL_CONVERSION = YES;
				CLANG_WARN_OBJC_ROOT_CLASS = YES_ERROR;
				CLANG_WARN_QUOTED_INCLUDE_IN_FRAMEWORK_HEADER = YES;
				CLANG_WARN_RANGE_LOOP_ANALYSIS = YES;
				CLANG_WARN_STRICT_PROTOTYPES = YES;
				CLANG_WARN_SUSPICIOUS_MOVE = YES;
				CLANG_WARN_UNGUARDED_AVAILABILITY = YES_AGGRESSIVE;
				CLANG_WARN_UNREACHABLE_CODE = YES;
				CLANG_WARN__DUPLICATE_METHOD_MATCH = YES;
				COPY_PHASE_STRIP = NO;
				DEBUG_INFORMATION_FORMAT = dwarf;
				ENABLE_STRICT_OBJC_MSGSEND = YES;
				ENABLE_TESTABILITY = YES;
				GCC_C_LANGUAGE_STANDARD = gnu11;
				GCC_DYNAMIC_NO_PIC = NO;
				GCC_NO_COMMON_BLOCKS = YES;
				GCC_OPTIMIZATION_LEVEL = 0;
				GCC_PREPROCESSOR_DEFINITIONS = (
					"DEBUG=1",
					"$(inherited)",
				);
				GCC_WARN_64_TO_32_BIT_CONVERSION = YES;
				GCC_WARN_ABOUT_RETURN_TYPE = YES_ERROR;
				GCC_WARN_UNDECLARED_SELECTOR = YES;
				GCC_WARN_UNINITIALIZED_AUTOS = YES_AGGRESSIVE;
				GCC_WARN_UNUSED_FUNCTION = YES;
				GCC_WARN_UNUSED_VARIABLE = YES;
				MACOSX_DEPLOYMENT_TARGET = 10.15;
				MTL_ENABLE_DEBUG_INFO = INCLUDE_SOURCE;
				MTL_FAST_MATH = YES;
				ONLY_ACTIVE_ARCH = YES;
				SDKROOT = macosx;
			};
			name = Debug;
		};
		999F9431258938CD003B5D51 /* Release */ = {
			isa = XCBuildConfiguration;
			buildSettings = {
				ALWAYS_SEARCH_USER_PATHS = NO;
				CLANG_ANALYZER_NONNULL = YES;
				CLANG_ANALYZER_NUMBER_OBJECT_CONVERSION = YES_AGGRESSIVE;
				CLANG_CXX_LANGUAGE_STANDARD = "gnu++14";
				CLANG_CXX_LIBRARY = "libc++";
				CLANG_ENABLE_MODULES = YES;
				CLANG_ENABLE_OBJC_ARC = YES;
				CLANG_ENABLE_OBJC_WEAK = YES;
				CLANG_WARN_BLOCK_CAPTURE_AUTORELEASING = YES;
				CLANG_WARN_BOOL_CONVERSION = YES;
				CLANG_WARN_COMMA = YES;
				CLANG_WARN_CONSTANT_CONVERSION = YES;
				CLANG_WARN_DEPRECATED_OBJC_IMPLEMENTATIONS = YES;
				CLANG_WARN_DIRECT_OBJC_ISA_USAGE = YES_ERROR;
				CLANG_WARN_DOCUMENTATION_COMMENTS = YES;
				CLANG_WARN_EMPTY_BODY = YES;
				CLANG_WARN_ENUM_CONVERSION = YES;
				CLANG_WARN_INFINITE_RECURSION = YES;
				CLANG_WARN_INT_CONVERSION = YES;
				CLANG_WARN_NON_LITERAL_NULL_CONVERSION = YES;
				CLANG_WARN_OBJC_IMPLICIT_RETAIN_SELF = YES;
				CLANG_WARN_OBJC_LITERAL_CONVERSION = YES;
				CLANG_WARN_OBJC_ROOT_CLASS = YES_ERROR;
				CLANG_WARN_QUOTED_INCLUDE_IN_FRAMEWORK_HEADER = YES;
				CLANG_WARN_RANGE_LOOP_ANALYSIS = YES;
				CLANG_WARN_STRICT_PROTOTYPES = YES;
				CLANG_WARN_SUSPICIOUS_MOVE = YES;
				CLANG_WARN_UNGUARDED_AVAILABILITY = YES_AGGRESSIVE;
				CLANG_WARN_UNREACHABLE_CODE = YES;
				CLANG_WARN__DUPLICATE_METHOD_MATCH = YES;
				COPY_PHASE_STRIP = NO;
				DEBUG_INFORMATION_FORMAT = "dwarf-with-dsym";
				ENABLE_NS_ASSERTIONS = NO;
				ENABLE_STRICT_OBJC_MSGSEND = YES;
				GCC_C_LANGUAGE_STANDARD = gnu11;
				GCC_NO_COMMON_BLOCKS = YES;
				GCC_WARN_64_TO_32_BIT_CONVERSION = YES;
				GCC_WARN_ABOUT_RETURN_TYPE = YES_ERROR;
				GCC_WARN_UNDECLARED_SELECTOR = YES;
				GCC_WARN_UNINITIALIZED_AUTOS = YES_AGGRESSIVE;
				GCC_WARN_UNUSED_FUNCTION = YES;
				GCC_WARN_UNUSED_VARIABLE = YES;
				MACOSX_DEPLOYMENT_TARGET = 10.15;
				MTL_ENABLE_DEBUG_INFO = NO;
				MTL_FAST_MATH = YES;
				SDKROOT = macosx;
			};
			name = Release;
		};
		999F94AA258942BE003B5D51 /* Debug */ = {
			isa = XCBuildConfiguration;
			buildSettings = {
				CODE_SIGN_STYLE = Automatic;
				PRODUCT_NAME = "$(TARGET_NAME)";
			};
			name = Debug;
		};
		999F94AB258942BE003B5D51 /* Release */ = {
			isa = XCBuildConfiguration;
			buildSettings = {
				CODE_SIGN_STYLE = Automatic;
				PRODUCT_NAME = "$(TARGET_NAME)";
			};
			name = Release;
		};
/* End XCBuildConfiguration section */

/* Begin XCConfigurationList section */
		99183884258AA70100C5036B /* Build configuration list for PBXNativeTarget "RT1" */ = {
			isa = XCConfigurationList;
			buildConfigurations = (
				99183885258AA70100C5036B /* Debug */,
				99183886258AA70100C5036B /* Release */,
			);
			defaultConfigurationIsVisible = 0;
			defaultConfigurationName = Release;
		};
		991838CB258B1B7700C5036B /* Build configuration list for PBXNativeTarget "RT2" */ = {
			isa = XCConfigurationList;
			buildConfigurations = (
				991838CC258B1B7700C5036B /* Debug */,
				991838CD258B1B7700C5036B /* Release */,
			);
			defaultConfigurationIsVisible = 0;
			defaultConfigurationName = Release;
		};
		999BA2FC258C7B7E00B0E52F /* Build configuration list for PBXNativeTarget "SP1" */ = {
			isa = XCConfigurationList;
			buildConfigurations = (
				999BA2FD258C7B7E00B0E52F /* Debug */,
				999BA2FE258C7B7E00B0E52F /* Release */,
			);
			defaultConfigurationIsVisible = 0;
			defaultConfigurationName = Release;
		};
		999BA334258EC9CA00B0E52F /* Build configuration list for PBXNativeTarget "MinimalGI" */ = {
			isa = XCConfigurationList;
			buildConfigurations = (
				999BA335258EC9CA00B0E52F /* Debug */,
				999BA336258EC9CA00B0E52F /* Release */,
			);
			defaultConfigurationIsVisible = 0;
			defaultConfigurationName = Release;
		};
		999BA35E258FDE4300B0E52F /* Build configuration list for PBXNativeTarget "montelight" */ = {
			isa = XCConfigurationList;
			buildConfigurations = (
				999BA35F258FDE4300B0E52F /* Debug */,
				999BA360258FDE4300B0E52F /* Release */,
			);
			defaultConfigurationIsVisible = 0;
			defaultConfigurationName = Release;
		};
		999BAD682591D3EE00B0E52F /* Build configuration list for PBXNativeTarget "MinimalPBR" */ = {
			isa = XCConfigurationList;
			buildConfigurations = (
				999BAD692591D3EE00B0E52F /* Debug */,
				999BAD6A2591D3EE00B0E52F /* Release */,
			);
			defaultConfigurationIsVisible = 0;
			defaultConfigurationName = Release;
		};
		999F9426258938CD003B5D51 /* Build configuration list for PBXProject "RT" */ = {
			isa = XCConfigurationList;
			buildConfigurations = (
				999F9430258938CD003B5D51 /* Debug */,
				999F9431258938CD003B5D51 /* Release */,
			);
			defaultConfigurationIsVisible = 0;
			defaultConfigurationName = Release;
		};
		999F94A9258942BE003B5D51 /* Build configuration list for PBXNativeTarget "Test" */ = {
			isa = XCConfigurationList;
			buildConfigurations = (
				999F94AA258942BE003B5D51 /* Debug */,
				999F94AB258942BE003B5D51 /* Release */,
			);
			defaultConfigurationIsVisible = 0;
			defaultConfigurationName = Release;
		};
/* End XCConfigurationList section */
	};
	rootObject = 999F9423258938CD003B5D51 /* Project object */;
}
