// !$*UTF8*$!
{
	archiveVersion = 1;
	classes = {
	};
	objectVersion = 50;
	objects = {

/* Begin PBXBuildFile section */
		999D2988214502D700EDC13D /* dielectric.cpp in Sources */ = {isa = PBXBuildFile; fileRef = 999D2977214502D700EDC13D /* dielectric.cpp */; };
		999D2989214502D700EDC13D /* sphere.cpp in Sources */ = {isa = PBXBuildFile; fileRef = 999D297A214502D700EDC13D /* sphere.cpp */; };
		999D298A214502D700EDC13D /* Makefile in Sources */ = {isa = PBXBuildFile; fileRef = 999D297B214502D700EDC13D /* Makefile */; };
		999D298B214502D700EDC13D /* camera.cpp in Sources */ = {isa = PBXBuildFile; fileRef = 999D2981214502D700EDC13D /* camera.cpp */; };
		999D298C214502D700EDC13D /* hitable_list.cpp in Sources */ = {isa = PBXBuildFile; fileRef = 999D2984214502D700EDC13D /* hitable_list.cpp */; };
		999D298D214502D700EDC13D /* main.cpp in Sources */ = {isa = PBXBuildFile; fileRef = 999D2985214502D700EDC13D /* main.cpp */; };
		999D298E214502D700EDC13D /* lambertian.cpp in Sources */ = {isa = PBXBuildFile; fileRef = 999D2986214502D700EDC13D /* lambertian.cpp */; };
		999D298F214502D700EDC13D /* metal.cpp in Sources */ = {isa = PBXBuildFile; fileRef = 999D2987214502D700EDC13D /* metal.cpp */; };
/* End PBXBuildFile section */

/* Begin PBXCopyFilesBuildPhase section */
		99F81369210EE0AD0017292E /* CopyFiles */ = {
			isa = PBXCopyFilesBuildPhase;
			buildActionMask = 2147483647;
			dstPath = /usr/share/man/man1/;
			dstSubfolderSpec = 0;
			files = (
			);
			runOnlyForDeploymentPostprocessing = 1;
		};
/* End PBXCopyFilesBuildPhase section */

/* Begin PBXFileReference section */
		999D2976214502D700EDC13D /* metal.h */ = {isa = PBXFileReference; fileEncoding = 4; lastKnownFileType = sourcecode.c.h; name = metal.h; path = ../../code/metal.h; sourceTree = "<group>"; };
		999D2977214502D700EDC13D /* dielectric.cpp */ = {isa = PBXFileReference; fileEncoding = 4; lastKnownFileType = sourcecode.cpp.cpp; name = dielectric.cpp; path = ../../code/dielectric.cpp; sourceTree = "<group>"; };
		999D2978214502D700EDC13D /* material.h */ = {isa = PBXFileReference; fileEncoding = 4; lastKnownFileType = sourcecode.c.h; name = material.h; path = ../../code/material.h; sourceTree = "<group>"; };
		999D2979214502D700EDC13D /* lambertian.h */ = {isa = PBXFileReference; fileEncoding = 4; lastKnownFileType = sourcecode.c.h; name = lambertian.h; path = ../../code/lambertian.h; sourceTree = "<group>"; };
		999D297A214502D700EDC13D /* sphere.cpp */ = {isa = PBXFileReference; fileEncoding = 4; lastKnownFileType = sourcecode.cpp.cpp; name = sphere.cpp; path = ../../code/sphere.cpp; sourceTree = "<group>"; };
		999D297B214502D700EDC13D /* Makefile */ = {isa = PBXFileReference; fileEncoding = 4; lastKnownFileType = sourcecode.make; name = Makefile; path = ../../code/Makefile; sourceTree = "<group>"; };
		999D297C214502D700EDC13D /* ray.h */ = {isa = PBXFileReference; fileEncoding = 4; lastKnownFileType = sourcecode.c.h; name = ray.h; path = ../../code/ray.h; sourceTree = "<group>"; };
		999D297D214502D700EDC13D /* hitable.h */ = {isa = PBXFileReference; fileEncoding = 4; lastKnownFileType = sourcecode.c.h; name = hitable.h; path = ../../code/hitable.h; sourceTree = "<group>"; };
		999D297E214502D700EDC13D /* vec3.h */ = {isa = PBXFileReference; fileEncoding = 4; lastKnownFileType = sourcecode.c.h; name = vec3.h; path = ../../code/vec3.h; sourceTree = "<group>"; };
		999D297F214502D700EDC13D /* camera.h */ = {isa = PBXFileReference; fileEncoding = 4; lastKnownFileType = sourcecode.c.h; name = camera.h; path = ../../code/camera.h; sourceTree = "<group>"; };
		999D2980214502D700EDC13D /* hitable_list.h */ = {isa = PBXFileReference; fileEncoding = 4; lastKnownFileType = sourcecode.c.h; name = hitable_list.h; path = ../../code/hitable_list.h; sourceTree = "<group>"; };
		999D2981214502D700EDC13D /* camera.cpp */ = {isa = PBXFileReference; fileEncoding = 4; lastKnownFileType = sourcecode.cpp.cpp; name = camera.cpp; path = ../../code/camera.cpp; sourceTree = "<group>"; };
		999D2982214502D700EDC13D /* sphere.h */ = {isa = PBXFileReference; fileEncoding = 4; lastKnownFileType = sourcecode.c.h; name = sphere.h; path = ../../code/sphere.h; sourceTree = "<group>"; };
		999D2983214502D700EDC13D /* dielectric.h */ = {isa = PBXFileReference; fileEncoding = 4; lastKnownFileType = sourcecode.c.h; name = dielectric.h; path = ../../code/dielectric.h; sourceTree = "<group>"; };
		999D2984214502D700EDC13D /* hitable_list.cpp */ = {isa = PBXFileReference; fileEncoding = 4; lastKnownFileType = sourcecode.cpp.cpp; name = hitable_list.cpp; path = ../../code/hitable_list.cpp; sourceTree = "<group>"; };
		999D2985214502D700EDC13D /* main.cpp */ = {isa = PBXFileReference; fileEncoding = 4; lastKnownFileType = sourcecode.cpp.cpp; name = main.cpp; path = ../../code/main.cpp; sourceTree = "<group>"; };
		999D2986214502D700EDC13D /* lambertian.cpp */ = {isa = PBXFileReference; fileEncoding = 4; lastKnownFileType = sourcecode.cpp.cpp; name = lambertian.cpp; path = ../../code/lambertian.cpp; sourceTree = "<group>"; };
		999D2987214502D700EDC13D /* metal.cpp */ = {isa = PBXFileReference; fileEncoding = 4; lastKnownFileType = sourcecode.cpp.cpp; name = metal.cpp; path = ../../code/metal.cpp; sourceTree = "<group>"; };
		99F8136B210EE0AD0017292E /* raytracer */ = {isa = PBXFileReference; explicitFileType = "compiled.mach-o.executable"; includeInIndex = 0; path = raytracer; sourceTree = BUILT_PRODUCTS_DIR; };
/* End PBXFileReference section */

/* Begin PBXFrameworksBuildPhase section */
		99F81368210EE0AD0017292E /* Frameworks */ = {
			isa = PBXFrameworksBuildPhase;
			buildActionMask = 2147483647;
			files = (
			);
			runOnlyForDeploymentPostprocessing = 0;
		};
/* End PBXFrameworksBuildPhase section */

/* Begin PBXGroup section */
		99F81362210EE0AD0017292E = {
			isa = PBXGroup;
			children = (
				999D2981214502D700EDC13D /* camera.cpp */,
				999D297F214502D700EDC13D /* camera.h */,
				999D2977214502D700EDC13D /* dielectric.cpp */,
				999D2983214502D700EDC13D /* dielectric.h */,
				999D2984214502D700EDC13D /* hitable_list.cpp */,
				999D2980214502D700EDC13D /* hitable_list.h */,
				999D297D214502D700EDC13D /* hitable.h */,
				999D2986214502D700EDC13D /* lambertian.cpp */,
				999D2979214502D700EDC13D /* lambertian.h */,
				999D2985214502D700EDC13D /* main.cpp */,
				999D297B214502D700EDC13D /* Makefile */,
				999D2978214502D700EDC13D /* material.h */,
				999D2987214502D700EDC13D /* metal.cpp */,
				999D2976214502D700EDC13D /* metal.h */,
				999D297C214502D700EDC13D /* ray.h */,
				999D297A214502D700EDC13D /* sphere.cpp */,
				999D2982214502D700EDC13D /* sphere.h */,
				999D297E214502D700EDC13D /* vec3.h */,
				99F8136C210EE0AD0017292E /* Products */,
			);
			sourceTree = "<group>";
		};
		99F8136C210EE0AD0017292E /* Products */ = {
			isa = PBXGroup;
			children = (
				99F8136B210EE0AD0017292E /* raytracer */,
			);
			name = Products;
			sourceTree = "<group>";
		};
/* End PBXGroup section */

/* Begin PBXNativeTarget section */
		99F8136A210EE0AD0017292E /* raytracer */ = {
			isa = PBXNativeTarget;
			buildConfigurationList = 99F81372210EE0AD0017292E /* Build configuration list for PBXNativeTarget "raytracer" */;
			buildPhases = (
				99F81367210EE0AD0017292E /* Sources */,
				99F81368210EE0AD0017292E /* Frameworks */,
				99F81369210EE0AD0017292E /* CopyFiles */,
			);
			buildRules = (
			);
			dependencies = (
			);
			name = raytracer;
			productName = raytracer;
			productReference = 99F8136B210EE0AD0017292E /* raytracer */;
			productType = "com.apple.product-type.tool";
		};
/* End PBXNativeTarget section */

/* Begin PBXProject section */
		99F81363210EE0AD0017292E /* Project object */ = {
			isa = PBXProject;
			attributes = {
				LastUpgradeCheck = 0930;
				ORGANIZATIONNAME = "Victor Li";
				TargetAttributes = {
					99F8136A210EE0AD0017292E = {
						CreatedOnToolsVersion = 9.3;
					};
				};
			};
			buildConfigurationList = 99F81366210EE0AD0017292E /* Build configuration list for PBXProject "raytracer" */;
			compatibilityVersion = "Xcode 9.3";
			developmentRegion = en;
			hasScannedForEncodings = 0;
			knownRegions = (
				en,
			);
			mainGroup = 99F81362210EE0AD0017292E;
			productRefGroup = 99F8136C210EE0AD0017292E /* Products */;
			projectDirPath = "";
			projectRoot = "";
			targets = (
				99F8136A210EE0AD0017292E /* raytracer */,
			);
		};
/* End PBXProject section */

/* Begin PBXSourcesBuildPhase section */
		99F81367210EE0AD0017292E /* Sources */ = {
			isa = PBXSourcesBuildPhase;
			buildActionMask = 2147483647;
			files = (
				999D298B214502D700EDC13D /* camera.cpp in Sources */,
				999D298A214502D700EDC13D /* Makefile in Sources */,
				999D298D214502D700EDC13D /* main.cpp in Sources */,
				999D2989214502D700EDC13D /* sphere.cpp in Sources */,
				999D298E214502D700EDC13D /* lambertian.cpp in Sources */,
				999D298F214502D700EDC13D /* metal.cpp in Sources */,
				999D298C214502D700EDC13D /* hitable_list.cpp in Sources */,
				999D2988214502D700EDC13D /* dielectric.cpp in Sources */,
			);
			runOnlyForDeploymentPostprocessing = 0;
		};
/* End PBXSourcesBuildPhase section */

/* Begin XCBuildConfiguration section */
		99F81370210EE0AD0017292E /* Debug */ = {
			isa = XCBuildConfiguration;
			buildSettings = {
				ALWAYS_SEARCH_USER_PATHS = NO;
				CLANG_ANALYZER_NONNULL = YES;
				CLANG_ANALYZER_NUMBER_OBJECT_CONVERSION = YES_AGGRESSIVE;
				CLANG_CXX_LANGUAGE_STANDARD = "gnu++14";
				CLANG_CXX_LIBRARY = "libc++";
				CLANG_ENABLE_MODULES = YES;
				CLANG_ENABLE_OBJC_ARC = YES;
				CLANG_ENABLE_OBJC_WEAK = YES;
				CLANG_WARN_BLOCK_CAPTURE_AUTORELEASING = YES;
				CLANG_WARN_BOOL_CONVERSION = YES;
				CLANG_WARN_COMMA = YES;
				CLANG_WARN_CONSTANT_CONVERSION = YES;
				CLANG_WARN_DEPRECATED_OBJC_IMPLEMENTATIONS = YES;
				CLANG_WARN_DIRECT_OBJC_ISA_USAGE = YES_ERROR;
				CLANG_WARN_DOCUMENTATION_COMMENTS = YES;
				CLANG_WARN_EMPTY_BODY = YES;
				CLANG_WARN_ENUM_CONVERSION = YES;
				CLANG_WARN_INFINITE_RECURSION = YES;
				CLANG_WARN_INT_CONVERSION = YES;
				CLANG_WARN_NON_LITERAL_NULL_CONVERSION = YES;
				CLANG_WARN_OBJC_IMPLICIT_RETAIN_SELF = YES;
				CLANG_WARN_OBJC_LITERAL_CONVERSION = YES;
				CLANG_WARN_OBJC_ROOT_CLASS = YES_ERROR;
				CLANG_WARN_RANGE_LOOP_ANALYSIS = YES;
				CLANG_WARN_STRICT_PROTOTYPES = YES;
				CLANG_WARN_SUSPICIOUS_MOVE = YES;
				CLANG_WARN_UNGUARDED_AVAILABILITY = YES_AGGRESSIVE;
				CLANG_WARN_UNREACHABLE_CODE = YES;
				CLANG_WARN__DUPLICATE_METHOD_MATCH = YES;
				CODE_SIGN_IDENTITY = "-";
				COPY_PHASE_STRIP = NO;
				DEBUG_INFORMATION_FORMAT = dwarf;
				ENABLE_STRICT_OBJC_MSGSEND = YES;
				ENABLE_TESTABILITY = YES;
				GCC_C_LANGUAGE_STANDARD = gnu11;
				GCC_DYNAMIC_NO_PIC = NO;
				GCC_NO_COMMON_BLOCKS = YES;
				GCC_OPTIMIZATION_LEVEL = 0;
				GCC_PREPROCESSOR_DEFINITIONS = (
					"DEBUG=1",
					"$(inherited)",
				);
				GCC_WARN_64_TO_32_BIT_CONVERSION = YES;
				GCC_WARN_ABOUT_RETURN_TYPE = YES_ERROR;
				GCC_WARN_UNDECLARED_SELECTOR = YES;
				GCC_WARN_UNINITIALIZED_AUTOS = YES_AGGRESSIVE;
				GCC_WARN_UNUSED_FUNCTION = YES;
				GCC_WARN_UNUSED_VARIABLE = YES;
				MACOSX_DEPLOYMENT_TARGET = 10.13;
				MTL_ENABLE_DEBUG_INFO = YES;
				ONLY_ACTIVE_ARCH = YES;
				SDKROOT = macosx;
			};
			name = Debug;
		};
		99F81371210EE0AD0017292E /* Release */ = {
			isa = XCBuildConfiguration;
			buildSettings = {
				ALWAYS_SEARCH_USER_PATHS = NO;
				CLANG_ANALYZER_NONNULL = YES;
				CLANG_ANALYZER_NUMBER_OBJECT_CONVERSION = YES_AGGRESSIVE;
				CLANG_CXX_LANGUAGE_STANDARD = "gnu++14";
				CLANG_CXX_LIBRARY = "libc++";
				CLANG_ENABLE_MODULES = YES;
				CLANG_ENABLE_OBJC_ARC = YES;
				CLANG_ENABLE_OBJC_WEAK = YES;
				CLANG_WARN_BLOCK_CAPTURE_AUTORELEASING = YES;
				CLANG_WARN_BOOL_CONVERSION = YES;
				CLANG_WARN_COMMA = YES;
				CLANG_WARN_CONSTANT_CONVERSION = YES;
				CLANG_WARN_DEPRECATED_OBJC_IMPLEMENTATIONS = YES;
				CLANG_WARN_DIRECT_OBJC_ISA_USAGE = YES_ERROR;
				CLANG_WARN_DOCUMENTATION_COMMENTS = YES;
				CLANG_WARN_EMPTY_BODY = YES;
				CLANG_WARN_ENUM_CONVERSION = YES;
				CLANG_WARN_INFINITE_RECURSION = YES;
				CLANG_WARN_INT_CONVERSION = YES;
				CLANG_WARN_NON_LITERAL_NULL_CONVERSION = YES;
				CLANG_WARN_OBJC_IMPLICIT_RETAIN_SELF = YES;
				CLANG_WARN_OBJC_LITERAL_CONVERSION = YES;
				CLANG_WARN_OBJC_ROOT_CLASS = YES_ERROR;
				CLANG_WARN_RANGE_LOOP_ANALYSIS = YES;
				CLANG_WARN_STRICT_PROTOTYPES = YES;
				CLANG_WARN_SUSPICIOUS_MOVE = YES;
				CLANG_WARN_UNGUARDED_AVAILABILITY = YES_AGGRESSIVE;
				CLANG_WARN_UNREACHABLE_CODE = YES;
				CLANG_WARN__DUPLICATE_METHOD_MATCH = YES;
				CODE_SIGN_IDENTITY = "-";
				COPY_PHASE_STRIP = NO;
				DEBUG_INFORMATION_FORMAT = "dwarf-with-dsym";
				ENABLE_NS_ASSERTIONS = NO;
				ENABLE_STRICT_OBJC_MSGSEND = YES;
				GCC_C_LANGUAGE_STANDARD = gnu11;
				GCC_NO_COMMON_BLOCKS = YES;
				GCC_WARN_64_TO_32_BIT_CONVERSION = YES;
				GCC_WARN_ABOUT_RETURN_TYPE = YES_ERROR;
				GCC_WARN_UNDECLARED_SELECTOR = YES;
				GCC_WARN_UNINITIALIZED_AUTOS = YES_AGGRESSIVE;
				GCC_WARN_UNUSED_FUNCTION = YES;
				GCC_WARN_UNUSED_VARIABLE = YES;
				MACOSX_DEPLOYMENT_TARGET = 10.13;
				MTL_ENABLE_DEBUG_INFO = NO;
				SDKROOT = macosx;
			};
			name = Release;
		};
		99F81373210EE0AD0017292E /* Debug */ = {
			isa = XCBuildConfiguration;
			buildSettings = {
				CODE_SIGN_STYLE = Automatic;
				PRODUCT_NAME = "$(TARGET_NAME)";
			};
			name = Debug;
		};
		99F81374210EE0AD0017292E /* Release */ = {
			isa = XCBuildConfiguration;
			buildSettings = {
				CODE_SIGN_STYLE = Automatic;
				PRODUCT_NAME = "$(TARGET_NAME)";
			};
			name = Release;
		};
/* End XCBuildConfiguration section */

/* Begin XCConfigurationList section */
		99F81366210EE0AD0017292E /* Build configuration list for PBXProject "raytracer" */ = {
			isa = XCConfigurationList;
			buildConfigurations = (
				99F81370210EE0AD0017292E /* Debug */,
				99F81371210EE0AD0017292E /* Release */,
			);
			defaultConfigurationIsVisible = 0;
			defaultConfigurationName = Release;
		};
		99F81372210EE0AD0017292E /* Build configuration list for PBXNativeTarget "raytracer" */ = {
			isa = XCConfigurationList;
			buildConfigurations = (
				99F81373210EE0AD0017292E /* Debug */,
				99F81374210EE0AD0017292E /* Release */,
			);
			defaultConfigurationIsVisible = 0;
			defaultConfigurationName = Release;
		};
/* End XCConfigurationList section */
	};
	rootObject = 99F81363210EE0AD0017292E /* Project object */;
}
