// !$*UTF8*$!
{
	archiveVersion = 1;
	classes = {
	};
	objectVersion = 50;
	objects = {

/* Begin PBXBuildFile section */
		999F93C625869B33003B5D51 /* dielectric.cpp in Sources */ = {isa = PBXBuildFile; fileRef = 999F93B525869B33003B5D51 /* dielectric.cpp */; };
		999F93C725869B33003B5D51 /* main.cpp in Sources */ = {isa = PBXBuildFile; fileRef = 999F93B625869B33003B5D51 /* main.cpp */; };
		999F93C825869B33003B5D51 /* hitable_list.cpp in Sources */ = {isa = PBXBuildFile; fileRef = 999F93B725869B33003B5D51 /* hitable_list.cpp */; };
		999F93C925869B33003B5D51 /* lambertian.cpp in Sources */ = {isa = PBXBuildFile; fileRef = 999F93B825869B33003B5D51 /* lambertian.cpp */; };
		999F93CB25869B33003B5D51 /* metal.cpp in Sources */ = {isa = PBXBuildFile; fileRef = 999F93BB25869B33003B5D51 /* metal.cpp */; };
		999F93CC25869B33003B5D51 /* camera.cpp in Sources */ = {isa = PBXBuildFile; fileRef = 999F93BD25869B33003B5D51 /* camera.cpp */; };
		999F93CD25869B33003B5D51 /* sphere.cpp in Sources */ = {isa = PBXBuildFile; fileRef = 999F93C325869B33003B5D51 /* sphere.cpp */; };
		999F941B25888915003B5D51 /* inheritance.cpp in Sources */ = {isa = PBXBuildFile; fileRef = 999F941A25888915003B5D51 /* inheritance.cpp */; };
/* End PBXBuildFile section */

/* Begin PBXCopyFilesBuildPhase section */
		999F93A625869B12003B5D51 /* CopyFiles */ = {
			isa = PBXCopyFilesBuildPhase;
			buildActionMask = 2147483647;
			dstPath = /usr/share/man/man1/;
			dstSubfolderSpec = 0;
			files = (
			);
			runOnlyForDeploymentPostprocessing = 1;
		};
		999F93DC2587DA6A003B5D51 /* CopyFiles */ = {
			isa = PBXCopyFilesBuildPhase;
			buildActionMask = 2147483647;
			dstPath = /usr/share/man/man1/;
			dstSubfolderSpec = 0;
			files = (
			);
			runOnlyForDeploymentPostprocessing = 1;
		};
/* End PBXCopyFilesBuildPhase section */

/* Begin PBXFileReference section */
		999F93A825869B12003B5D51 /* RTV1 */ = {isa = PBXFileReference; explicitFileType = "compiled.mach-o.executable"; includeInIndex = 0; path = RTV1; sourceTree = BUILT_PRODUCTS_DIR; };
		999F93B425869B33003B5D51 /* sphere.h */ = {isa = PBXFileReference; fileEncoding = 4; lastKnownFileType = sourcecode.c.h; name = sphere.h; path = ../../RaytracingInOneWeekend/src/sphere.h; sourceTree = "<group>"; };
		999F93B525869B33003B5D51 /* dielectric.cpp */ = {isa = PBXFileReference; fileEncoding = 4; lastKnownFileType = sourcecode.cpp.cpp; name = dielectric.cpp; path = ../../RaytracingInOneWeekend/src/dielectric.cpp; sourceTree = "<group>"; };
		999F93B625869B33003B5D51 /* main.cpp */ = {isa = PBXFileReference; fileEncoding = 4; lastKnownFileType = sourcecode.cpp.cpp; name = main.cpp; path = ../../RaytracingInOneWeekend/src/main.cpp; sourceTree = "<group>"; };
		999F93B725869B33003B5D51 /* hitable_list.cpp */ = {isa = PBXFileReference; fileEncoding = 4; lastKnownFileType = sourcecode.cpp.cpp; name = hitable_list.cpp; path = ../../RaytracingInOneWeekend/src/hitable_list.cpp; sourceTree = "<group>"; };
		999F93B825869B33003B5D51 /* lambertian.cpp */ = {isa = PBXFileReference; fileEncoding = 4; lastKnownFileType = sourcecode.cpp.cpp; name = lambertian.cpp; path = ../../RaytracingInOneWeekend/src/lambertian.cpp; sourceTree = "<group>"; };
		999F93BA25869B33003B5D51 /* hitable_list.h */ = {isa = PBXFileReference; fileEncoding = 4; lastKnownFileType = sourcecode.c.h; name = hitable_list.h; path = ../../RaytracingInOneWeekend/src/hitable_list.h; sourceTree = "<group>"; };
		999F93BB25869B33003B5D51 /* metal.cpp */ = {isa = PBXFileReference; fileEncoding = 4; lastKnownFileType = sourcecode.cpp.cpp; name = metal.cpp; path = ../../RaytracingInOneWeekend/src/metal.cpp; sourceTree = "<group>"; };
		999F93BC25869B33003B5D51 /* hitable.h */ = {isa = PBXFileReference; fileEncoding = 4; lastKnownFileType = sourcecode.c.h; name = hitable.h; path = ../../RaytracingInOneWeekend/src/hitable.h; sourceTree = "<group>"; };
		999F93BD25869B33003B5D51 /* camera.cpp */ = {isa = PBXFileReference; fileEncoding = 4; lastKnownFileType = sourcecode.cpp.cpp; name = camera.cpp; path = ../../RaytracingInOneWeekend/src/camera.cpp; sourceTree = "<group>"; };
		999F93BE25869B33003B5D51 /* metal.h */ = {isa = PBXFileReference; fileEncoding = 4; lastKnownFileType = sourcecode.c.h; name = metal.h; path = ../../RaytracingInOneWeekend/src/metal.h; sourceTree = "<group>"; };
		999F93BF25869B33003B5D51 /* material.h */ = {isa = PBXFileReference; fileEncoding = 4; lastKnownFileType = sourcecode.c.h; name = material.h; path = ../../RaytracingInOneWeekend/src/material.h; sourceTree = "<group>"; };
		999F93C025869B33003B5D51 /* vec3.h */ = {isa = PBXFileReference; fileEncoding = 4; lastKnownFileType = sourcecode.c.h; name = vec3.h; path = ../../RaytracingInOneWeekend/src/vec3.h; sourceTree = "<group>"; };
		999F93C125869B33003B5D51 /* camera.h */ = {isa = PBXFileReference; fileEncoding = 4; lastKnownFileType = sourcecode.c.h; name = camera.h; path = ../../RaytracingInOneWeekend/src/camera.h; sourceTree = "<group>"; };
		999F93C225869B33003B5D51 /* ray.h */ = {isa = PBXFileReference; fileEncoding = 4; lastKnownFileType = sourcecode.c.h; name = ray.h; path = ../../RaytracingInOneWeekend/src/ray.h; sourceTree = "<group>"; };
		999F93C325869B33003B5D51 /* sphere.cpp */ = {isa = PBXFileReference; fileEncoding = 4; lastKnownFileType = sourcecode.cpp.cpp; name = sphere.cpp; path = ../../RaytracingInOneWeekend/src/sphere.cpp; sourceTree = "<group>"; };
		999F93C425869B33003B5D51 /* dielectric.h */ = {isa = PBXFileReference; fileEncoding = 4; lastKnownFileType = sourcecode.c.h; name = dielectric.h; path = ../../RaytracingInOneWeekend/src/dielectric.h; sourceTree = "<group>"; };
		999F93C525869B33003B5D51 /* lambertian.h */ = {isa = PBXFileReference; fileEncoding = 4; lastKnownFileType = sourcecode.c.h; name = lambertian.h; path = ../../RaytracingInOneWeekend/src/lambertian.h; sourceTree = "<group>"; };
		999F93E02587DA6A003B5D51 /* Test */ = {isa = PBXFileReference; explicitFileType = "compiled.mach-o.executable"; includeInIndex = 0; path = Test; sourceTree = BUILT_PRODUCTS_DIR; };
		999F93E72587DAFE003B5D51 /* class.cpp */ = {isa = PBXFileReference; lastKnownFileType = sourcecode.cpp.cpp; path = class.cpp; sourceTree = "<group>"; };
		999F940125887D97003B5D51 /* const_pointer.cpp */ = {isa = PBXFileReference; lastKnownFileType = sourcecode.cpp.cpp; path = const_pointer.cpp; sourceTree = "<group>"; };
		999F941A25888915003B5D51 /* inheritance.cpp */ = {isa = PBXFileReference; lastKnownFileType = sourcecode.cpp.cpp; path = inheritance.cpp; sourceTree = "<group>"; };
/* End PBXFileReference section */

/* Begin PBXFrameworksBuildPhase section */
		999F93A525869B12003B5D51 /* Frameworks */ = {
			isa = PBXFrameworksBuildPhase;
			buildActionMask = 2147483647;
			files = (
			);
			runOnlyForDeploymentPostprocessing = 0;
		};
		999F93DB2587DA6A003B5D51 /* Frameworks */ = {
			isa = PBXFrameworksBuildPhase;
			buildActionMask = 2147483647;
			files = (
			);
			runOnlyForDeploymentPostprocessing = 0;
		};
/* End PBXFrameworksBuildPhase section */

/* Begin PBXGroup section */
		999F939F25869B12003B5D51 = {
			isa = PBXGroup;
			children = (
				999F93AA25869B12003B5D51 /* RTV1 */,
				999F93A925869B12003B5D51 /* Products */,
			);
			sourceTree = "<group>";
		};
		999F93A925869B12003B5D51 /* Products */ = {
			isa = PBXGroup;
			children = (
				999F93A825869B12003B5D51 /* RTV1 */,
				999F93E02587DA6A003B5D51 /* Test */,
			);
			name = Products;
			sourceTree = "<group>";
		};
		999F93AA25869B12003B5D51 /* RTV1 */ = {
			isa = PBXGroup;
			children = (
				999F93D02587D9F8003B5D51 /* Test */,
				999F93BD25869B33003B5D51 /* camera.cpp */,
				999F93C125869B33003B5D51 /* camera.h */,
				999F93B525869B33003B5D51 /* dielectric.cpp */,
				999F93C425869B33003B5D51 /* dielectric.h */,
				999F93B725869B33003B5D51 /* hitable_list.cpp */,
				999F93BA25869B33003B5D51 /* hitable_list.h */,
				999F93BC25869B33003B5D51 /* hitable.h */,
				999F93B825869B33003B5D51 /* lambertian.cpp */,
				999F93C525869B33003B5D51 /* lambertian.h */,
				999F93B625869B33003B5D51 /* main.cpp */,
				999F93BF25869B33003B5D51 /* material.h */,
				999F93BB25869B33003B5D51 /* metal.cpp */,
				999F93BE25869B33003B5D51 /* metal.h */,
				999F93C225869B33003B5D51 /* ray.h */,
				999F93C325869B33003B5D51 /* sphere.cpp */,
				999F93B425869B33003B5D51 /* sphere.h */,
				999F93C025869B33003B5D51 /* vec3.h */,
			);
			path = RTV1;
			sourceTree = "<group>";
		};
		999F93D02587D9F8003B5D51 /* Test */ = {
			isa = PBXGroup;
			children = (
				999F93E72587DAFE003B5D51 /* class.cpp */,
				999F940125887D97003B5D51 /* const_pointer.cpp */,
				999F941A25888915003B5D51 /* inheritance.cpp */,
			);
			path = Test;
			sourceTree = "<group>";
		};
/* End PBXGroup section */

/* Begin PBXNativeTarget section */
		999F93A725869B12003B5D51 /* RTV1 */ = {
			isa = PBXNativeTarget;
			buildConfigurationList = 999F93AF25869B12003B5D51 /* Build configuration list for PBXNativeTarget "RTV1" */;
			buildPhases = (
				999F93A425869B12003B5D51 /* Sources */,
				999F93A525869B12003B5D51 /* Frameworks */,
				999F93A625869B12003B5D51 /* CopyFiles */,
			);
			buildRules = (
			);
			dependencies = (
			);
			name = RTV1;
			productName = RTV1;
			productReference = 999F93A825869B12003B5D51 /* RTV1 */;
			productType = "com.apple.product-type.tool";
		};
		999F93D22587DA6A003B5D51 /* Test */ = {
			isa = PBXNativeTarget;
			buildConfigurationList = 999F93DD2587DA6A003B5D51 /* Build configuration list for PBXNativeTarget "Test" */;
			buildPhases = (
				999F93D32587DA6A003B5D51 /* Sources */,
				999F93DB2587DA6A003B5D51 /* Frameworks */,
				999F93DC2587DA6A003B5D51 /* CopyFiles */,
			);
			buildRules = (
			);
			dependencies = (
			);
			name = Test;
			productName = RTV1;
			productReference = 999F93E02587DA6A003B5D51 /* Test */;
			productType = "com.apple.product-type.tool";
		};
/* End PBXNativeTarget section */

/* Begin PBXProject section */
		999F93A025869B12003B5D51 /* Project object */ = {
			isa = PBXProject;
			attributes = {
				LastUpgradeCheck = 1220;
				TargetAttributes = {
					999F93A725869B12003B5D51 = {
						CreatedOnToolsVersion = 12.2;
					};
				};
			};
			buildConfigurationList = 999F93A325869B12003B5D51 /* Build configuration list for PBXProject "RTV1" */;
			compatibilityVersion = "Xcode 9.3";
			developmentRegion = en;
			hasScannedForEncodings = 0;
			knownRegions = (
				en,
				Base,
			);
			mainGroup = 999F939F25869B12003B5D51;
			productRefGroup = 999F93A925869B12003B5D51 /* Products */;
			projectDirPath = "";
			projectRoot = "";
			targets = (
				999F93A725869B12003B5D51 /* RTV1 */,
				999F93D22587DA6A003B5D51 /* Test */,
			);
		};
/* End PBXProject section */

/* Begin PBXSourcesBuildPhase section */
		999F93A425869B12003B5D51 /* Sources */ = {
			isa = PBXSourcesBuildPhase;
			buildActionMask = 2147483647;
			files = (
				999F93CC25869B33003B5D51 /* camera.cpp in Sources */,
				999F93CD25869B33003B5D51 /* sphere.cpp in Sources */,
				999F93C725869B33003B5D51 /* main.cpp in Sources */,
				999F93C625869B33003B5D51 /* dielectric.cpp in Sources */,
				999F93CB25869B33003B5D51 /* metal.cpp in Sources */,
				999F93C925869B33003B5D51 /* lambertian.cpp in Sources */,
				999F93C825869B33003B5D51 /* hitable_list.cpp in Sources */,
			);
			runOnlyForDeploymentPostprocessing = 0;
		};
		999F93D32587DA6A003B5D51 /* Sources */ = {
			isa = PBXSourcesBuildPhase;
			buildActionMask = 2147483647;
			files = (
				999F941B25888915003B5D51 /* inheritance.cpp in Sources */,
			);
			runOnlyForDeploymentPostprocessing = 0;
		};
/* End PBXSourcesBuildPhase section */

/* Begin XCBuildConfiguration section */
		999F93AD25869B12003B5D51 /* Debug */ = {
			isa = XCBuildConfiguration;
			buildSettings = {
				ALWAYS_SEARCH_USER_PATHS = NO;
				CLANG_ANALYZER_NONNULL = YES;
				CLANG_ANALYZER_NUMBER_OBJECT_CONVERSION = YES_AGGRESSIVE;
				CLANG_CXX_LANGUAGE_STANDARD = "gnu++14";
				CLANG_CXX_LIBRARY = "libc++";
				CLANG_ENABLE_MODULES = YES;
				CLANG_ENABLE_OBJC_ARC = YES;
				CLANG_ENABLE_OBJC_WEAK = YES;
				CLANG_WARN_BLOCK_CAPTURE_AUTORELEASING = YES;
				CLANG_WARN_BOOL_CONVERSION = YES;
				CLANG_WARN_COMMA = YES;
				CLANG_WARN_CONSTANT_CONVERSION = YES;
				CLANG_WARN_DEPRECATED_OBJC_IMPLEMENTATIONS = YES;
				CLANG_WARN_DIRECT_OBJC_ISA_USAGE = YES_ERROR;
				CLANG_WARN_DOCUMENTATION_COMMENTS = YES;
				CLANG_WARN_EMPTY_BODY = YES;
				CLANG_WARN_ENUM_CONVERSION = YES;
				CLANG_WARN_INFINITE_RECURSION = YES;
				CLANG_WARN_INT_CONVERSION = YES;
				CLANG_WARN_NON_LITERAL_NULL_CONVERSION = YES;
				CLANG_WARN_OBJC_IMPLICIT_RETAIN_SELF = YES;
				CLANG_WARN_OBJC_LITERAL_CONVERSION = YES;
				CLANG_WARN_OBJC_ROOT_CLASS = YES_ERROR;
				CLANG_WARN_QUOTED_INCLUDE_IN_FRAMEWORK_HEADER = YES;
				CLANG_WARN_RANGE_LOOP_ANALYSIS = YES;
				CLANG_WARN_STRICT_PROTOTYPES = YES;
				CLANG_WARN_SUSPICIOUS_MOVE = YES;
				CLANG_WARN_UNGUARDED_AVAILABILITY = YES_AGGRESSIVE;
				CLANG_WARN_UNREACHABLE_CODE = YES;
				CLANG_WARN__DUPLICATE_METHOD_MATCH = YES;
				COPY_PHASE_STRIP = NO;
				DEBUG_INFORMATION_FORMAT = dwarf;
				ENABLE_STRICT_OBJC_MSGSEND = YES;
				ENABLE_TESTABILITY = YES;
				GCC_C_LANGUAGE_STANDARD = gnu11;
				GCC_DYNAMIC_NO_PIC = NO;
				GCC_NO_COMMON_BLOCKS = YES;
				GCC_OPTIMIZATION_LEVEL = 0;
				GCC_PREPROCESSOR_DEFINITIONS = (
					"DEBUG=1",
					"$(inherited)",
				);
				GCC_WARN_64_TO_32_BIT_CONVERSION = YES;
				GCC_WARN_ABOUT_RETURN_TYPE = YES_ERROR;
				GCC_WARN_UNDECLARED_SELECTOR = YES;
				GCC_WARN_UNINITIALIZED_AUTOS = YES_AGGRESSIVE;
				GCC_WARN_UNUSED_FUNCTION = YES;
				GCC_WARN_UNUSED_VARIABLE = YES;
				MACOSX_DEPLOYMENT_TARGET = 10.15;
				MTL_ENABLE_DEBUG_INFO = INCLUDE_SOURCE;
				MTL_FAST_MATH = YES;
				ONLY_ACTIVE_ARCH = YES;
				SDKROOT = macosx;
			};
			name = Debug;
		};
		999F93AE25869B12003B5D51 /* Release */ = {
			isa = XCBuildConfiguration;
			buildSettings = {
				ALWAYS_SEARCH_USER_PATHS = NO;
				CLANG_ANALYZER_NONNULL = YES;
				CLANG_ANALYZER_NUMBER_OBJECT_CONVERSION = YES_AGGRESSIVE;
				CLANG_CXX_LANGUAGE_STANDARD = "gnu++14";
				CLANG_CXX_LIBRARY = "libc++";
				CLANG_ENABLE_MODULES = YES;
				CLANG_ENABLE_OBJC_ARC = YES;
				CLANG_ENABLE_OBJC_WEAK = YES;
				CLANG_WARN_BLOCK_CAPTURE_AUTORELEASING = YES;
				CLANG_WARN_BOOL_CONVERSION = YES;
				CLANG_WARN_COMMA = YES;
				CLANG_WARN_CONSTANT_CONVERSION = YES;
				CLANG_WARN_DEPRECATED_OBJC_IMPLEMENTATIONS = YES;
				CLANG_WARN_DIRECT_OBJC_ISA_USAGE = YES_ERROR;
				CLANG_WARN_DOCUMENTATION_COMMENTS = YES;
				CLANG_WARN_EMPTY_BODY = YES;
				CLANG_WARN_ENUM_CONVERSION = YES;
				CLANG_WARN_INFINITE_RECURSION = YES;
				CLANG_WARN_INT_CONVERSION = YES;
				CLANG_WARN_NON_LITERAL_NULL_CONVERSION = YES;
				CLANG_WARN_OBJC_IMPLICIT_RETAIN_SELF = YES;
				CLANG_WARN_OBJC_LITERAL_CONVERSION = YES;
				CLANG_WARN_OBJC_ROOT_CLASS = YES_ERROR;
				CLANG_WARN_QUOTED_INCLUDE_IN_FRAMEWORK_HEADER = YES;
				CLANG_WARN_RANGE_LOOP_ANALYSIS = YES;
				CLANG_WARN_STRICT_PROTOTYPES = YES;
				CLANG_WARN_SUSPICIOUS_MOVE = YES;
				CLANG_WARN_UNGUARDED_AVAILABILITY = YES_AGGRESSIVE;
				CLANG_WARN_UNREACHABLE_CODE = YES;
				CLANG_WARN__DUPLICATE_METHOD_MATCH = YES;
				COPY_PHASE_STRIP = NO;
				DEBUG_INFORMATION_FORMAT = "dwarf-with-dsym";
				ENABLE_NS_ASSERTIONS = NO;
				ENABLE_STRICT_OBJC_MSGSEND = YES;
				GCC_C_LANGUAGE_STANDARD = gnu11;
				GCC_NO_COMMON_BLOCKS = YES;
				GCC_WARN_64_TO_32_BIT_CONVERSION = YES;
				GCC_WARN_ABOUT_RETURN_TYPE = YES_ERROR;
				GCC_WARN_UNDECLARED_SELECTOR = YES;
				GCC_WARN_UNINITIALIZED_AUTOS = YES_AGGRESSIVE;
				GCC_WARN_UNUSED_FUNCTION = YES;
				GCC_WARN_UNUSED_VARIABLE = YES;
				MACOSX_DEPLOYMENT_TARGET = 10.15;
				MTL_ENABLE_DEBUG_INFO = NO;
				MTL_FAST_MATH = YES;
				SDKROOT = macosx;
			};
			name = Release;
		};
		999F93B025869B12003B5D51 /* Debug */ = {
			isa = XCBuildConfiguration;
			buildSettings = {
				CODE_SIGN_STYLE = Automatic;
				PRODUCT_NAME = "$(TARGET_NAME)";
			};
			name = Debug;
		};
		999F93B125869B12003B5D51 /* Release */ = {
			isa = XCBuildConfiguration;
			buildSettings = {
				CODE_SIGN_STYLE = Automatic;
				PRODUCT_NAME = "$(TARGET_NAME)";
			};
			name = Release;
		};
		999F93DE2587DA6A003B5D51 /* Debug */ = {
			isa = XCBuildConfiguration;
			buildSettings = {
				CODE_SIGN_STYLE = Automatic;
				PRODUCT_NAME = "$(TARGET_NAME)";
			};
			name = Debug;
		};
		999F93DF2587DA6A003B5D51 /* Release */ = {
			isa = XCBuildConfiguration;
			buildSettings = {
				CODE_SIGN_STYLE = Automatic;
				PRODUCT_NAME = "$(TARGET_NAME)";
			};
			name = Release;
		};
/* End XCBuildConfiguration section */

/* Begin XCConfigurationList section */
		999F93A325869B12003B5D51 /* Build configuration list for PBXProject "RTV1" */ = {
			isa = XCConfigurationList;
			buildConfigurations = (
				999F93AD25869B12003B5D51 /* Debug */,
				999F93AE25869B12003B5D51 /* Release */,
			);
			defaultConfigurationIsVisible = 0;
			defaultConfigurationName = Release;
		};
		999F93AF25869B12003B5D51 /* Build configuration list for PBXNativeTarget "RTV1" */ = {
			isa = XCConfigurationList;
			buildConfigurations = (
				999F93B025869B12003B5D51 /* Debug */,
				999F93B125869B12003B5D51 /* Release */,
			);
			defaultConfigurationIsVisible = 0;
			defaultConfigurationName = Release;
		};
		999F93DD2587DA6A003B5D51 /* Build configuration list for PBXNativeTarget "Test" */ = {
			isa = XCConfigurationList;
			buildConfigurations = (
				999F93DE2587DA6A003B5D51 /* Debug */,
				999F93DF2587DA6A003B5D51 /* Release */,
			);
			defaultConfigurationIsVisible = 0;
			defaultConfigurationName = Release;
		};
/* End XCConfigurationList section */
	};
	rootObject = 999F93A025869B12003B5D51 /* Project object */;
}
